{
  "version": 4,
  "terraform_version": "1.2.4",
  "serial": 312,
  "lineage": "910e4702-a700-4893-888a-78b217b2bf2e",
  "outputs": {
    "dr_kafka_service_name": {
      "value": "dr-kafka",
      "type": "string"
    },
    "flink_service_name": {
      "value": "prod-flink",
      "type": "string"
    },
    "prod_clickhouse_service_name": {
      "value": "prod-clickhouse",
      "type": "string"
    },
    "prod_kafka_service_name": {
      "value": "prod-kafka",
      "type": "string"
    }
  },
  "resources": [
    {
      "mode": "managed",
      "type": "aiven_clickhouse",
      "name": "dr_clickhouse",
      "provider": "provider[\"registry.terraform.io/aiven/aiven\"]",
      "instances": [
        {
          "schema_version": 0,
          "attributes": {
            "additional_disk_space": null,
            "clickhouse": [
              {}
            ],
            "clickhouse_user_config": [
              {
                "additional_backup_regions": [],
                "ip_filter": [
                  "0.0.0.0/0"
                ],
                "project_to_fork_from": "",
                "service_to_fork_from": ""
              }
            ],
            "cloud_name": "google-us-west1",
            "components": [
              {
                "component": "clickhouse",
                "host": "dr-clickhouse-pgrainger-demo.aivencloud.com",
                "kafka_authentication_method": "",
                "port": 15330,
                "route": "dynamic",
                "ssl": false,
                "usage": "primary"
              },
              {
                "component": "clickhouse_https",
                "host": "dr-clickhouse-pgrainger-demo.aivencloud.com",
                "kafka_authentication_method": "",
                "port": 15331,
                "route": "dynamic",
                "ssl": false,
                "usage": "primary"
              }
            ],
            "disk_space": null,
            "disk_space_cap": "0B",
            "disk_space_default": "439GiB",
            "disk_space_step": "0B",
            "disk_space_used": "439GiB",
            "id": "pgrainger-demo/dr-clickhouse",
            "maintenance_window_dow": "saturday",
            "maintenance_window_time": "23:00:00",
            "plan": "business-beta-8",
            "project": "pgrainger-demo",
            "project_vpc_id": null,
            "service_host": "dr-clickhouse-pgrainger-demo.aivencloud.com",
            "service_integrations": [],
            "service_name": "dr-clickhouse",
            "service_password": "AVNS_vmr5DkD_1g1ISyLgYoA",
            "service_port": 15330,
            "service_type": "clickhouse",
            "service_uri": "dr-clickhouse-pgrainger-demo.aivencloud.com:15330",
            "service_username": "avnadmin",
            "state": "RUNNING",
            "static_ips": [],
            "tag": [],
            "termination_protection": false,
            "timeouts": null
          },
          "sensitive_attributes": [],
          "private": "eyJlMmJmYjczMC1lY2FhLTExZTYtOGY4OC0zNDM2M2JjN2M0YzAiOnsiY3JlYXRlIjoxMjAwMDAwMDAwMDAwLCJkZWxldGUiOjEyMDAwMDAwMDAwMDAsInVwZGF0ZSI6MTIwMDAwMDAwMDAwMH19"
        }
      ]
    },
    {
      "mode": "managed",
      "type": "aiven_clickhouse",
      "name": "prod_clickhouse",
      "provider": "provider[\"registry.terraform.io/aiven/aiven\"]",
      "instances": [
        {
          "schema_version": 0,
          "attributes": {
            "additional_disk_space": null,
            "clickhouse": [
              {}
            ],
            "clickhouse_user_config": [
              {
                "additional_backup_regions": [],
                "ip_filter": [
                  "0.0.0.0/0"
                ],
                "project_to_fork_from": "",
                "service_to_fork_from": ""
              }
            ],
            "cloud_name": "google-us-west1",
            "components": [
              {
                "component": "clickhouse",
                "host": "prod-clickhouse-pgrainger-demo-d8fe.aivencloud.com",
                "kafka_authentication_method": "",
                "port": 15330,
                "route": "dynamic",
                "ssl": false,
                "usage": "primary"
              },
              {
                "component": "clickhouse_https",
                "host": "prod-clickhouse-pgrainger-demo-d8fe.aivencloud.com",
                "kafka_authentication_method": "",
                "port": 15331,
                "route": "dynamic",
                "ssl": false,
                "usage": "primary"
              }
            ],
            "disk_space": null,
            "disk_space_cap": "0B",
            "disk_space_default": "439GiB",
            "disk_space_step": "0B",
            "disk_space_used": "439GiB",
            "id": "pgrainger-demo/prod-clickhouse",
            "maintenance_window_dow": "saturday",
            "maintenance_window_time": "23:00:00",
            "plan": "business-beta-8",
            "project": "pgrainger-demo",
            "project_vpc_id": null,
            "service_host": "prod-clickhouse-pgrainger-demo-d8fe.aivencloud.com",
            "service_integrations": [],
            "service_name": "prod-clickhouse",
            "service_password": "AVNS_LFaljNyxGxN2nox5ngb",
            "service_port": 15330,
            "service_type": "clickhouse",
            "service_uri": "prod-clickhouse-pgrainger-demo-d8fe.aivencloud.com:15330",
            "service_username": "avnadmin",
            "state": "RUNNING",
            "static_ips": [],
            "tag": [],
            "termination_protection": false,
            "timeouts": null
          },
          "sensitive_attributes": [],
          "private": "eyJlMmJmYjczMC1lY2FhLTExZTYtOGY4OC0zNDM2M2JjN2M0YzAiOnsiY3JlYXRlIjoxMjAwMDAwMDAwMDAwLCJkZWxldGUiOjEyMDAwMDAwMDAwMDAsInVwZGF0ZSI6MTIwMDAwMDAwMDAwMH19"
        }
      ]
    },
    {
      "mode": "managed",
      "type": "aiven_flink",
      "name": "flink",
      "provider": "provider[\"registry.terraform.io/aiven/aiven\"]",
      "instances": [
        {
          "schema_version": 0,
          "attributes": {
            "additional_disk_space": null,
            "cloud_name": "google-us-west1",
            "components": [
              {
                "component": "flink",
                "host": "prod-flink-pgrainger-demo.aivencloud.com",
                "kafka_authentication_method": "",
                "port": 443,
                "route": "dynamic",
                "ssl": false,
                "usage": "primary"
              }
            ],
            "disk_space": null,
            "disk_space_cap": "0B",
            "disk_space_default": "0B",
            "disk_space_step": "0B",
            "disk_space_used": "0B",
            "flink": [
              {
                "host_ports": [
                  "34.168.230.167:",
                  "35.197.91.196:",
                  "104.196.250.151:"
                ]
              }
            ],
            "flink_user_config": [
              {
                "additional_backup_regions": [],
                "execution_checkpointing_interval_ms": "60000",
                "execution_checkpointing_timeout_ms": "600000",
                "flink_version": "1.15",
                "ip_filter": [
                  "0.0.0.0/0"
                ],
                "number_of_task_slots": "5",
                "parallelism_default": "1",
                "privatelink_access": [],
                "restart_strategy": "failure-rate",
                "restart_strategy_delay_sec": "10",
                "restart_strategy_failure_rate_interval_min": "60",
                "restart_strategy_max_failures": "60"
              }
            ],
            "id": "pgrainger-demo/prod-flink",
            "maintenance_window_dow": "saturday",
            "maintenance_window_time": "23:00:00",
            "plan": "business-4",
            "project": "pgrainger-demo",
            "project_vpc_id": null,
            "service_host": "prod-flink-pgrainger-demo.aivencloud.com",
            "service_integrations": [],
            "service_name": "prod-flink",
            "service_password": "AVNS_l3rvaI34EpE2rEoegnA",
            "service_port": 0,
            "service_type": "flink",
            "service_uri": "prod-flink-pgrainger-demo.aivencloud.com:",
            "service_username": "avnadmin",
            "state": "RUNNING",
            "static_ips": [],
            "tag": [],
            "termination_protection": false,
            "timeouts": null
          },
          "sensitive_attributes": [],
          "private": "eyJlMmJmYjczMC1lY2FhLTExZTYtOGY4OC0zNDM2M2JjN2M0YzAiOnsiY3JlYXRlIjoxMjAwMDAwMDAwMDAwLCJkZWxldGUiOjEyMDAwMDAwMDAwMDAsInVwZGF0ZSI6MTIwMDAwMDAwMDAwMH19"
        }
      ]
    },
    {
      "mode": "managed",
      "type": "aiven_flink_table",
      "name": "fxrates",
      "provider": "provider[\"registry.terraform.io/aiven/aiven\"]",
      "instances": [
        {
          "schema_version": 0,
          "attributes": {
            "id": "pgrainger-demo/prod-flink/0e64dd85-37f9-4a76-922b-19229e7572f1",
            "integration_id": "11196d3f-3651-42e4-ab40-1f3f7faf58ee",
            "jdbc_table": null,
            "kafka_connector_type": null,
            "kafka_key_fields": null,
            "kafka_key_format": null,
            "kafka_startup_mode": null,
            "kafka_topic": "fxrates",
            "kafka_value_fields_include": null,
            "kafka_value_format": null,
            "like_options": null,
            "opensearch_index": null,
            "project": "pgrainger-demo",
            "schema_sql": "      `sym` VARCHAR,\n      `rate` FLOAT,\n      `time` TIMESTAMP\n",
            "service_name": "prod-flink",
            "table_id": "0e64dd85-37f9-4a76-922b-19229e7572f1",
            "table_name": "fxrates",
            "upsert_kafka": []
          },
          "sensitive_attributes": [],
          "private": "bnVsbA==",
          "dependencies": [
            "aiven_flink.flink",
            "aiven_kafka.prod_kafka",
            "aiven_kafka_topic.fx",
            "aiven_service_integration.flink_kafka"
          ]
        }
      ]
    },
    {
      "mode": "managed",
      "type": "aiven_flink_table",
      "name": "quote",
      "provider": "provider[\"registry.terraform.io/aiven/aiven\"]",
      "instances": [
        {
          "schema_version": 0,
          "attributes": {
            "id": "pgrainger-demo/prod-flink/c7d5f9bd-221f-4305-bd9e-08f09f368e40",
            "integration_id": "11196d3f-3651-42e4-ab40-1f3f7faf58ee",
            "jdbc_table": null,
            "kafka_connector_type": null,
            "kafka_key_fields": null,
            "kafka_key_format": null,
            "kafka_startup_mode": null,
            "kafka_topic": "quote",
            "kafka_value_fields_include": null,
            "kafka_value_format": null,
            "like_options": null,
            "opensearch_index": null,
            "project": "pgrainger-demo",
            "schema_sql": "      `sym` VARCHAR,\n      `time` TIMESTAMP,\n      `bid1` FLOAT,\n      `ask1` FLOAT,\n      `bid2` FLOAT,\n      `ask2` FLOAT,\n      `bid3` FLOAT,\n      `ask3` FLOAT,\n      `bidsize1` INT,\n      `asksize1` INT,\n      `bidsize2` INT,\n      `asksize2` INT,\n      `bidsize3` INT,\n      `asksize3` INT,\n      `qty` INT,\n      `side` CHAR(1)\n",
            "service_name": "prod-flink",
            "table_id": "c7d5f9bd-221f-4305-bd9e-08f09f368e40",
            "table_name": "quote",
            "upsert_kafka": []
          },
          "sensitive_attributes": [],
          "private": "bnVsbA==",
          "dependencies": [
            "aiven_flink.flink",
            "aiven_kafka.prod_kafka",
            "aiven_kafka_topic.quote",
            "aiven_service_integration.flink_kafka"
          ]
        }
      ]
    },
    {
      "mode": "managed",
      "type": "aiven_flink_table",
      "name": "trade",
      "provider": "provider[\"registry.terraform.io/aiven/aiven\"]",
      "instances": [
        {
          "schema_version": 0,
          "attributes": {
            "id": "pgrainger-demo/prod-flink/c78c116a-4cc2-439e-a5a4-63d19913d303",
            "integration_id": "11196d3f-3651-42e4-ab40-1f3f7faf58ee",
            "jdbc_table": null,
            "kafka_connector_type": null,
            "kafka_key_fields": null,
            "kafka_key_format": null,
            "kafka_startup_mode": null,
            "kafka_topic": "trade",
            "kafka_value_fields_include": null,
            "kafka_value_format": null,
            "like_options": null,
            "opensearch_index": null,
            "project": "pgrainger-demo",
            "schema_sql": "      `sym` VARCHAR,\n      `time` TIMESTAMP,\n      `price` FLOAT,\n      `qty` INT,\n      `side` CHAR(1)\n",
            "service_name": "prod-flink",
            "table_id": "c78c116a-4cc2-439e-a5a4-63d19913d303",
            "table_name": "trade",
            "upsert_kafka": []
          },
          "sensitive_attributes": [],
          "private": "bnVsbA==",
          "dependencies": [
            "aiven_flink.flink",
            "aiven_kafka.prod_kafka",
            "aiven_kafka_topic.trade",
            "aiven_service_integration.flink_kafka"
          ]
        }
      ]
    },
    {
      "mode": "managed",
      "type": "aiven_kafka",
      "name": "dr_kafka",
      "provider": "provider[\"registry.terraform.io/aiven/aiven\"]",
      "instances": [
        {
          "schema_version": 0,
          "attributes": {
            "additional_disk_space": null,
            "cloud_name": "google-us-east1",
            "components": [
              {
                "component": "kafka",
                "host": "dr-kafka-pgrainger-demo.aivencloud.com",
                "kafka_authentication_method": "",
                "port": 15332,
                "route": "dynamic",
                "ssl": false,
                "usage": "primary"
              },
              {
                "component": "kafka_connect",
                "host": "dr-kafka-pgrainger-demo.aivencloud.com",
                "kafka_authentication_method": "",
                "port": 15330,
                "route": "dynamic",
                "ssl": false,
                "usage": "primary"
              },
              {
                "component": "kafka_rest",
                "host": "dr-kafka-pgrainger-demo.aivencloud.com",
                "kafka_authentication_method": "",
                "port": 15334,
                "route": "dynamic",
                "ssl": false,
                "usage": "primary"
              },
              {
                "component": "schema_registry",
                "host": "dr-kafka-pgrainger-demo.aivencloud.com",
                "kafka_authentication_method": "",
                "port": 15335,
                "route": "dynamic",
                "ssl": false,
                "usage": "primary"
              }
            ],
            "default_acl": true,
            "disk_space": null,
            "disk_space_cap": "1800GiB",
            "disk_space_default": "600GiB",
            "disk_space_step": "30GiB",
            "disk_space_used": "600GiB",
            "id": "pgrainger-demo/dr-kafka",
            "kafka": [
              {
                "access_cert": "-----BEGIN CERTIFICATE-----\nMIIEOjCCAqKgAwIBAgIUTOJADWGtaVH5+VlHErcjpnyLq8gwDQYJKoZIhvcNAQEM\nBQAwOjE4MDYGA1UEAwwvYTNhY2QyZjAtYjI5NC00NWJhLTg2MjgtNTE4MDg1NjRl\nNTE3IFByb2plY3QgQ0EwHhcNMjIxMTExMjI0OTIzWhcNMjUwMjA4MjI0OTIzWjA5\nMREwDwYDVQQKDAhkci1rYWZrYTERMA8GA1UECwwIdTRwN2ozaDAxETAPBgNVBAMM\nCGF2bmFkbWluMIIBojANBgkqhkiG9w0BAQEFAAOCAY8AMIIBigKCAYEArRyt9J8F\nwNvuUdB/2ziDIGZqD+zt5RSOdMips8P1VzSHImI3dFaaqzxPrqtfVnB0vCsbE74F\nM3xpNgKH/koZ+4Q3eLX7XYPfzccbE/qhN2q0hIktDDkZQFslIXOEUQV5fYKqmrHh\nFn32kp382dYZUTvp+S2+yxDljDgHSkFIuMFf3K7WF4hAthGS+JYvJPHCyjzU+iWp\nrLlc53l8wi5TypbU7vxtaBbrIv6fMtffp+B1VUNboPtMtRqEVTqCoUD646SvhAoA\n/e91LypwlzjcYycMam2aPO0PKG72WqugOmXnkUQeci/j2tfRmBOgv9DHV1fvmGkl\n2yI+P5zVIUne2vL6TtE40vitN3/YcwoogEHhJ97gqxY98F5y0xx/YOXbU0DFNvr1\nfTvxOTfRTYybzcK8ENTeB8Q50NKFrogmXiNdtSlQV5m8sW2VxTQQIEGI5ApgNxS5\n1RwbTc+sbus/bwogGCYOIa0DUtUn7YMiC3ia4pzpTtL3dVPGjyEx58OzAgMBAAGj\nOTA3MB0GA1UdDgQWBBQ4oLxLEcvuvwddZzQBdPCs1KzLeTAJBgNVHRMEAjAAMAsG\nA1UdDwQEAwIFoDANBgkqhkiG9w0BAQwFAAOCAYEADjoJUDg2ROgdc4A8Yix1pT9m\nQPNtva09W1jOM1TKyJFlITUc2FGHIcGZr1NDdCKnlcDD4/PoeQy2s8dj3zVEschy\nO32gVNLQUkm/fAFQ29ZEdjACQUDovaNUJMiTki7p+RPmDJoceiThY7vrDHhbC1EY\nLbpq7HFsNchDKhnNaj+nzWjIOo+NW+bSZTmCg4hnpPAeQX1WnI9Qs7Ibf2rGAvO1\ntq81TcBn+vqSxLx9hYeaVM1d8m3oJCVzbfbTAfTFpOlx2abzq2kfYQbS4TbR0+M5\nFEs8hAM2TLLuSfZAhu1KzXVTUv0vsqKHAMiR2tOHO0kUs1k2U/7FVXl3tWDSa7u0\nBVlak+VDN4i6jyjqTmBfJaT9qN06e1OajBT1XgmyLzPt4Y8RSoWKdP3u9jaJvdFF\nRnY3nUXCUai66nSIB8xTJ2ulIuRnftczg/vLlfLHZf5b9JEyAxA7myrN5yDUn3SX\nuuvb2pcyd0SKjoGf7shvRywfR+PaIsO0+1Aklc0T\n-----END CERTIFICATE-----\n",
                "access_key": "-----BEGIN PRIVATE KEY-----\nMIIG/gIBADANBgkqhkiG9w0BAQEFAASCBugwggbkAgEAAoIBgQCtHK30nwXA2+5R\n0H/bOIMgZmoP7O3lFI50yKmzw/VXNIciYjd0VpqrPE+uq19WcHS8KxsTvgUzfGk2\nAof+Shn7hDd4tftdg9/NxxsT+qE3arSEiS0MORlAWyUhc4RRBXl9gqqaseEWffaS\nnfzZ1hlRO+n5Lb7LEOWMOAdKQUi4wV/crtYXiEC2EZL4li8k8cLKPNT6JamsuVzn\neXzCLlPKltTu/G1oFusi/p8y19+n4HVVQ1ug+0y1GoRVOoKhQPrjpK+ECgD973Uv\nKnCXONxjJwxqbZo87Q8obvZaq6A6ZeeRRB5yL+Pa19GYE6C/0MdXV++YaSXbIj4/\nnNUhSd7a8vpO0TjS+K03f9hzCiiAQeEn3uCrFj3wXnLTHH9g5dtTQMU2+vV9O/E5\nN9FNjJvNwrwQ1N4HxDnQ0oWuiCZeI121KVBXmbyxbZXFNBAgQYjkCmA3FLnVHBtN\nz6xu6z9vCiAYJg4hrQNS1SftgyILeJrinOlO0vd1U8aPITHnw7MCAwEAAQKCAYB9\nDmrcfMS7PiY8FFNJGtofXdzhBFgXVXJUC2IM61MhXGEDBdDpymaRrVAi7spAt5yd\nEsbMzEkVmJqo2ctEeGOsvycTnOOp+sqC7YMyO6ybTAp8dFyGp/kF9NIuCDVeEoZh\nlTOJ7Vad2QF3iYpQE8rWVGICEHn0WJB7az5Y9jCCx69ozST8ewHEhY2W52fHWJ9P\nWgLBctPQY1gqIClwXedKQwwwWUrwFx5meWqoYCrCK/SXU8Gt2dzgN/fBWjNkKnvj\ntw2ycdtY5HTLuHMoT+NGsVvONrY0XLd5GqOMX6ZG1VIl7242/MEHehPmoQJZKYvj\nRRyMryy9/Ae+ORsWeJmc6YB9IOfgCzm9NM8VzQU9uyBsbbcpoiayV9r28bqtTZHK\n6iHrwcE8LdCFSqNn/VhQZyqE5w7u7bssbt1PJ3aXUKe2vB7ALa9aTH0l8qLpmKRO\nZ4fGeMq7ZeOzyrjIARHalbAzmkgTSQ5pNfKG9CNP+PsHK98kVRshLH4jyT1VLoEC\ngcEA3o6+GUCxqCX4hSPmbXfVMqrHuxq3rt2PUf8cjjwKG7Twxb2If00D2YbHBPnH\nv2803MGo0C4oodSbCCUv94xhBE+mIT07fxax6sOZZ3OIE+gRq2yTLnkm/gl0IYgC\ndkKQ9psI5V9Q4cADwe1LwysAAJdfuMEGwVg95Fyd/CLwwiZAr9X2Qj2vWz/75fh2\n4a/h5MqKcaDUr6BK0GjiXP1NojazQnG9ShfMmNBy5oapcP7ejVQvPH/lhE4dZxTr\ndkwlAoHBAMcf4nwtrhkj/rJCaiXuTLZi/gD7Ilf48Pf+XDnyjo7W5VgxFfUTij7E\n6Sz8Yj82uDeILOd8WBSo4XPZykfT5g9gHsMR18ZThhyj9JWaHTUQtvYY/8GEK9vu\nqU8knUdWjlE/1lQCsxEQaAq9dDkjkz+h6iohDpzeeewPavOwXEnYm+Y+546AN9v0\nM2yZxC00Db1Yzf7lZa+lWMlIyXMer6OahqcaKwxDyxa9Ws7jU3dIny0wpC6Xl+ud\n7qCGQZtc9wKBwAeGfBcOgPNWlVirJhd9fdAAxlAlTyCyjS4Qmj6U+SKGs7178yma\nyQ6J6CDa8U4fzIHKapLffLA8KCHWYBDWxlEHAG8PSvu5ILr3cjB1T5yctDw/p5pi\nrlbYqvyXRL4K8ivkgiB/YJTBkV71TyKCSbW7aJkurbPL8AvQtebYp5to/7byXSlQ\nPKWxPCtCg4KOF+1Mi/HbplVp7h2t7jmGtyFNCDKu9d+Tfm+MXNY+p2wSsiPFPPOm\nv3QB0Cy0IGIXoQKBwQCrvi9s5UVMv8P0Yd4FuyQFBxqHJBN6BudnLcbD4BXe0zBa\nQXPrvh+1hcaLm17toLeAhf4c5h1eLE7Pyh9ylivORRwjKWeO0glQ+ISC57qbQ0Ba\nwDMO6H2fopf6/9x7ZAc5wrKMIQvrAtiJst/kTG+7KV67WWmuGSDVXnLjnc/rjVzh\nWI4FVUdYeaZE29bdGhFjp418dMSgmx8Z9KJznRrmI+hRhfttB6fJhCYnXOBneIZ5\nxoNFAFDy0nO3ljRN2P8CgcEAnKdbm8QGgWKHrOF3uCKlP7R/eH6YFj8T9d+LtJXx\n8J7teHFDIDLX4YL81ISyjRUmkj+ANepU14fhOA1AqMRtKExTf9oDGcMInyR6Vxk/\nqNUlsF2chZEby2rPlrPP2RfU6sBArsof4RaknkN2W41EcvhS0/AjC77C7N20ovyt\n2CQizRj/IGYH0XI3vgS+bQMWtV8KLomaCehUYZ38O1rf287dHqEo6d7UyrNm6vqd\nEG1597HFapZsOoqd4bEvlXlV\n-----END PRIVATE KEY-----\n",
                "connect_uri": "https://avnadmin:AVNS_w3ncLFC4vkLqg6xSnb_@dr-kafka-pgrainger-demo.aivencloud.com:15330",
                "rest_uri": "https://avnadmin:AVNS_zeDw9rQLLfdqdbG-eai@dr-kafka-pgrainger-demo.aivencloud.com:15334",
                "schema_registry_uri": "https://avnadmin:AVNS_zeDw9rQLLfdqdbG-eai@dr-kafka-pgrainger-demo.aivencloud.com:15335"
              }
            ],
            "kafka_user_config": [
              {
                "additional_backup_regions": [],
                "custom_domain": "",
                "ip_filter": [
                  "0.0.0.0/0"
                ],
                "kafka": [
                  {
                    "auto_create_topics_enable": "true",
                    "compression_type": "",
                    "connections_max_idle_ms": "",
                    "default_replication_factor": "",
                    "group_initial_rebalance_delay_ms": "",
                    "group_max_session_timeout_ms": "",
                    "group_min_session_timeout_ms": "",
                    "log_cleaner_delete_retention_ms": "",
                    "log_cleaner_max_compaction_lag_ms": "",
                    "log_cleaner_min_cleanable_ratio": "",
                    "log_cleaner_min_compaction_lag_ms": "",
                    "log_cleanup_policy": "",
                    "log_flush_interval_messages": "",
                    "log_flush_interval_ms": "",
                    "log_index_interval_bytes": "",
                    "log_index_size_max_bytes": "",
                    "log_message_downconversion_enable": "",
                    "log_message_timestamp_difference_max_ms": "",
                    "log_message_timestamp_type": "",
                    "log_preallocate": "",
                    "log_retention_bytes": "",
                    "log_retention_hours": "",
                    "log_retention_ms": "",
                    "log_roll_jitter_ms": "",
                    "log_roll_ms": "",
                    "log_segment_bytes": "",
                    "log_segment_delete_delay_ms": "",
                    "max_connections_per_ip": "",
                    "max_incremental_fetch_session_cache_slots": "",
                    "message_max_bytes": "",
                    "min_insync_replicas": "",
                    "num_partitions": "",
                    "offsets_retention_minutes": "",
                    "producer_purgatory_purge_interval_requests": "",
                    "replica_fetch_max_bytes": "",
                    "replica_fetch_response_max_bytes": "",
                    "socket_request_max_bytes": "",
                    "transaction_remove_expired_transaction_cleanup_interval_ms": "",
                    "transaction_state_log_segment_bytes": ""
                  }
                ],
                "kafka_authentication_methods": [
                  {
                    "certificate": "true",
                    "sasl": "false"
                  }
                ],
                "kafka_connect": "true",
                "kafka_connect_config": [],
                "kafka_rest": "true",
                "kafka_rest_config": [],
                "kafka_version": "3.2",
                "private_access": [],
                "privatelink_access": [],
                "public_access": [],
                "schema_registry": "true",
                "schema_registry_config": [],
                "static_ips": ""
              }
            ],
            "karapace": null,
            "maintenance_window_dow": "saturday",
            "maintenance_window_time": "23:00:00",
            "plan": "business-4",
            "project": "pgrainger-demo",
            "project_vpc_id": null,
            "service_host": "dr-kafka-pgrainger-demo.aivencloud.com",
            "service_integrations": [],
            "service_name": "dr-kafka",
            "service_password": "AVNS_zeDw9rQLLfdqdbG-eai",
            "service_port": 15332,
            "service_type": "kafka",
            "service_uri": "dr-kafka-pgrainger-demo.aivencloud.com:15332",
            "service_username": "avnadmin",
            "state": "RUNNING",
            "static_ips": [],
            "tag": [],
            "termination_protection": false,
            "timeouts": null
          },
          "sensitive_attributes": [],
          "private": "eyJlMmJmYjczMC1lY2FhLTExZTYtOGY4OC0zNDM2M2JjN2M0YzAiOnsiY3JlYXRlIjoxMjAwMDAwMDAwMDAwLCJkZWxldGUiOjEyMDAwMDAwMDAwMDAsInVwZGF0ZSI6MTIwMDAwMDAwMDAwMH19"
        }
      ]
    },
    {
      "mode": "managed",
      "type": "aiven_kafka",
      "name": "prod_kafka",
      "provider": "provider[\"registry.terraform.io/aiven/aiven\"]",
      "instances": [
        {
          "schema_version": 0,
          "attributes": {
            "additional_disk_space": null,
            "cloud_name": "google-us-west1",
            "components": [
              {
                "component": "kafka",
                "host": "prod-kafka-pgrainger-demo.aivencloud.com",
                "kafka_authentication_method": "",
                "port": 15332,
                "route": "dynamic",
                "ssl": false,
                "usage": "primary"
              },
              {
                "component": "kafka_connect",
                "host": "prod-kafka-pgrainger-demo.aivencloud.com",
                "kafka_authentication_method": "",
                "port": 15330,
                "route": "dynamic",
                "ssl": false,
                "usage": "primary"
              },
              {
                "component": "kafka_rest",
                "host": "prod-kafka-pgrainger-demo.aivencloud.com",
                "kafka_authentication_method": "",
                "port": 15334,
                "route": "dynamic",
                "ssl": false,
                "usage": "primary"
              },
              {
                "component": "schema_registry",
                "host": "prod-kafka-pgrainger-demo.aivencloud.com",
                "kafka_authentication_method": "",
                "port": 15335,
                "route": "dynamic",
                "ssl": false,
                "usage": "primary"
              }
            ],
            "default_acl": true,
            "disk_space": null,
            "disk_space_cap": "1800GiB",
            "disk_space_default": "600GiB",
            "disk_space_step": "30GiB",
            "disk_space_used": "600GiB",
            "id": "pgrainger-demo/prod-kafka",
            "kafka": [
              {
                "access_cert": "-----BEGIN CERTIFICATE-----\nMIIEPDCCAqSgAwIBAgIUe4K3yfe6XbD8RqCtQB1uR57lMaowDQYJKoZIhvcNAQEM\nBQAwOjE4MDYGA1UEAwwvYTNhY2QyZjAtYjI5NC00NWJhLTg2MjgtNTE4MDg1NjRl\nNTE3IFByb2plY3QgQ0EwHhcNMjIxMTExMjI0OTIzWhcNMjUwMjA4MjI0OTIzWjA7\nMRMwEQYDVQQKDApwcm9kLWthZmthMREwDwYDVQQLDAh1Mmc3cjhkNDERMA8GA1UE\nAwwIYXZuYWRtaW4wggGiMA0GCSqGSIb3DQEBAQUAA4IBjwAwggGKAoIBgQCkCe/W\n1MvZkZvH/gFLx6FQflZ/O9S5EOtdmkmqNE04YBWeXm2hl2GvdpST/EHU6lWP7XEL\nI980lZo60O7CLOWCscUq4tnLGVi3DVRH6N1kx0InG7v/npPf20CcwtQsMAAcB2UC\nqd/r6mZarp/b/t/YizjA/PyiOCJ8ApLDbMkLEVfgThLi2BXPkdwPCSQOPCot4Q7G\n+nC6vDClMvendn8nuFe3Zct6NVgjMvMGONzwXoQ7q2pzihEKm7SX8bLkd7Rdee8C\ngJMDr1McltDkcfBYNNqixNIx3UBBVRnDqic1Y8wyWlXOLe/Yf9n1NVwRTFcbhmJL\nf4p/c8C0nsQ8f6BCrvBFV0RvvTmZT6bRj7+O8oj4aTO94Z7V6zSudWokJkwtAc37\nnvhbUh+VMuQjJrHjtfLI3qLhzwJNDpeNsLmzUnNoty1voUWpMNMT78B3Uav5fJrQ\n6RJlEHhj0DNQq4ozMAFPYB58xwfhtSZQQS6Lh+gBxHGCSEMXTVITZqMA6PECAwEA\nAaM5MDcwHQYDVR0OBBYEFK2KAVwdelDqiBsQBZC6al6ozLcRMAkGA1UdEwQCMAAw\nCwYDVR0PBAQDAgWgMA0GCSqGSIb3DQEBDAUAA4IBgQCts2DexSeuOrXbNQwztYvS\ndBwMbY0/7BCfR/3s2h75l2hdfgvmcwk1qW9y1i1JvJp8h9JDZsG2x0yJ+ES99/ZJ\nLUdUH2pP/hbry53w/3VWAc874zS/NGtRAjVQ4v3O/PXtxrKe8dLYABA7zCI9QruQ\nzFLkD+ZkeihBmmoEFplY4jwu76rf+OpHdh9AKXUBTx8V+jeC+RXckofn6dHvut/8\n+zQjcpPU5hcl6tjQIrOlpUQThoLt9xSWrtIk76+gebfUTpXJOAgwLlHMG5C9kmZ0\n/fAGStVkPKV4Qwe5BvtQAZgBBmzD+oEfeVljO+xSY5sthlT5CU4FGp9sR2TnNXdl\nC4NFZM9JQ6dErR+amT97S83/whjbZnrDLzbMBz2gz+HjkWSlOpDNCnovr0sv3EJa\n5zYQ4+rb09CAFtCFUCl+xeOpRqWlX99luBfKr8AtXGHT7KNf7K6sUAfDjBNAEDn9\nFnH1tK4SmIJcXH7CpIXKFzbkVlfHztgSDoDCvNeMJIY=\n-----END CERTIFICATE-----\n",
                "access_key": "-----BEGIN PRIVATE KEY-----\nMIIG/QIBADANBgkqhkiG9w0BAQEFAASCBucwggbjAgEAAoIBgQCkCe/W1MvZkZvH\n/gFLx6FQflZ/O9S5EOtdmkmqNE04YBWeXm2hl2GvdpST/EHU6lWP7XELI980lZo6\n0O7CLOWCscUq4tnLGVi3DVRH6N1kx0InG7v/npPf20CcwtQsMAAcB2UCqd/r6mZa\nrp/b/t/YizjA/PyiOCJ8ApLDbMkLEVfgThLi2BXPkdwPCSQOPCot4Q7G+nC6vDCl\nMvendn8nuFe3Zct6NVgjMvMGONzwXoQ7q2pzihEKm7SX8bLkd7Rdee8CgJMDr1Mc\nltDkcfBYNNqixNIx3UBBVRnDqic1Y8wyWlXOLe/Yf9n1NVwRTFcbhmJLf4p/c8C0\nnsQ8f6BCrvBFV0RvvTmZT6bRj7+O8oj4aTO94Z7V6zSudWokJkwtAc37nvhbUh+V\nMuQjJrHjtfLI3qLhzwJNDpeNsLmzUnNoty1voUWpMNMT78B3Uav5fJrQ6RJlEHhj\n0DNQq4ozMAFPYB58xwfhtSZQQS6Lh+gBxHGCSEMXTVITZqMA6PECAwEAAQKCAYAz\nAOfyux1a25w9Nav/fOWaWn3Yd6jvleQoqWVIJ5Tu92khYajiumfkH5GY5bEuW2IZ\nKzGfzhqDhhR7PyVNeJov5cgxSnF/ZbUgzWMsLKpRwGbANC5jD1JZIxnW4/kGeDJA\nhMgSaPE3sBz9CxinVXsSIE+YKdD/O0b1mfM6EiP8bfsNwhi7MYaukGKExknQp0JS\nG4z1rz7HwOW7J7q69ewZVIbpfhwjNlzeLORFRf7kOe8Rgn3JyN79lmYzbDI8OT96\n7MSfLYtlsxPYB9Je9FLbqtgw9xtEwdiweApa1hLOWAk3x2vyfKmH5gw2NoD/WQmK\nv7K0zPhqEOzVG5bICN9sWUFJOSsEJe6+rIl4PFfb/5OS4d1+HXs7M1833Cg2iLyX\nOHK4H1+P8Epqwc8LH1Rh9D+te2UkoQFFPYpDsSzYMnHYmuq6oTxRObglIc/ZWYoK\n2xlQXrf2QdsAAIAX3LYsRu2gW53sVBN2fJP4rsENbghgIcmCOzaIRipu86V/aXEC\ngcEA0d5GucsjXF9FL5niSqMk9O8udxIkuY2S7qK44lOKz6tAGtyzu8ytO5cuAHDB\nVfpRdzCTLYVbopqZ/NqMHde7kKJ611BpyOIjN2KZpAufI9Zz3aTO/YReYVeKcYcE\nQ570TPZoboP+BdcCoQppavSN3n9vgfmIctvGhklGSbHeh0kRTaUUqFZGpxLwa13f\nRXKwfNuf/QBU9ooGyDNB11mxrmVoulSm1SJW4t31rbDkqaK/pXqlLJ6QzrG3t5I8\nZnslAoHBAMgYvfs3iINWnjzYBC/qowjyVIUOX5R2wWhYt5r93nytAdYUKymTk1Y/\nCs4NRGl1UDt0aEGMNv2YoMTNQOf4/tlpxSMejs3KLcFG6gQsS9UcxCd5wD/Upd6Q\nmCTkpePvFqXNFYQ8D4lhmvl0+qa6dRy18iAS42GX9paBYciE35omOk4RUE0HSzXz\ntMRcMooVtxm3lC5AJoKw/fcuCMYombPzyrsYerVZioHi+yZ3yzFk1vlgVBeXeF+w\nsAqR7GAS3QKBwDuFWfO5rDa3gmzErQxUBtg8uaXljGrfvytVFTCDVxwcypqTu5no\nq7z53H8de4fB7bbrHOLNLrcIN+IhrZmNJNIZctN8J/RkRm6f1UlUTncgjE3xPw9h\nqk7bQBWAoHH5M/pb7DRj1PidCU7ZIBrIbzAKXnqzZcKFmGFfiMK/4ofl7jViO2Ce\nz3z0/yDER91vcKSIuXBM1svxS4keGG9WLfFzK2elOIe8LH49Sz9Oqxt9X/MzvILS\nGem1N5ClteGuzQKBwFky5mX5wIpD77BR37P4lgsj89eIq8UEF33LprWaHDdZ7Gqh\nfQhAuDqHSerG8UtNt6F5aAxoVA9CndB9a0S9s+X5h577PU+xpCn30dRgZsGu3CZ4\n2OHbisGnlZtErkroxyDMRp43I/nrH+m6Yw42KoTM+w2fPevAkXVQYeXAjekqx20L\nvM9JxBZd+KRcMU9rFL+LHaxsfn5eJiitRc4IRVR6BlLXO8RiESOLqsfgOR1gxZBP\nh80ogcmuexuLJ2NApQKBwQCk0mbzZkqg4k0UgtjMfMxx6qPZadQHXExuOgT/QDSD\nJTD6gLhKDfdQ7DySHbEh32MlIVOBK7x+lRfPI5GiWPxP3WfHyxQko9l+2pG+FBnJ\nxfKBBHuQugY54tJs2zB46/lXZ+2qWRxHQzqK/zwpyjQGQF/75RgYtYvRL9PjphXS\n6GWk1f8Jrj1Yota0/r86qrioS7e6mhwEbwm4CDDvdG5k6Bmd8+SBX5lT/lIIqSb+\nSIhYmx+5jybu5R9HmwspzFQ=\n-----END PRIVATE KEY-----\n",
                "connect_uri": "https://avnadmin:AVNS_XZbg_yXTKo_YVjRrf9y@prod-kafka-pgrainger-demo.aivencloud.com:15330",
                "rest_uri": "https://avnadmin:AVNS_q4gv24i0YcvnSVKe7te@prod-kafka-pgrainger-demo.aivencloud.com:15334",
                "schema_registry_uri": "https://avnadmin:AVNS_q4gv24i0YcvnSVKe7te@prod-kafka-pgrainger-demo.aivencloud.com:15335"
              }
            ],
            "kafka_user_config": [
              {
                "additional_backup_regions": [],
                "custom_domain": "",
                "ip_filter": [
                  "0.0.0.0/0"
                ],
                "kafka": [
                  {
                    "auto_create_topics_enable": "true",
                    "compression_type": "",
                    "connections_max_idle_ms": "",
                    "default_replication_factor": "",
                    "group_initial_rebalance_delay_ms": "",
                    "group_max_session_timeout_ms": "",
                    "group_min_session_timeout_ms": "",
                    "log_cleaner_delete_retention_ms": "",
                    "log_cleaner_max_compaction_lag_ms": "",
                    "log_cleaner_min_cleanable_ratio": "",
                    "log_cleaner_min_compaction_lag_ms": "",
                    "log_cleanup_policy": "",
                    "log_flush_interval_messages": "",
                    "log_flush_interval_ms": "",
                    "log_index_interval_bytes": "",
                    "log_index_size_max_bytes": "",
                    "log_message_downconversion_enable": "",
                    "log_message_timestamp_difference_max_ms": "",
                    "log_message_timestamp_type": "",
                    "log_preallocate": "",
                    "log_retention_bytes": "",
                    "log_retention_hours": "",
                    "log_retention_ms": "",
                    "log_roll_jitter_ms": "",
                    "log_roll_ms": "",
                    "log_segment_bytes": "",
                    "log_segment_delete_delay_ms": "",
                    "max_connections_per_ip": "",
                    "max_incremental_fetch_session_cache_slots": "",
                    "message_max_bytes": "",
                    "min_insync_replicas": "",
                    "num_partitions": "",
                    "offsets_retention_minutes": "",
                    "producer_purgatory_purge_interval_requests": "",
                    "replica_fetch_max_bytes": "",
                    "replica_fetch_response_max_bytes": "",
                    "socket_request_max_bytes": "",
                    "transaction_remove_expired_transaction_cleanup_interval_ms": "",
                    "transaction_state_log_segment_bytes": ""
                  }
                ],
                "kafka_authentication_methods": [
                  {
                    "certificate": "true",
                    "sasl": "false"
                  }
                ],
                "kafka_connect": "true",
                "kafka_connect_config": [],
                "kafka_rest": "true",
                "kafka_rest_config": [],
                "kafka_version": "3.2",
                "private_access": [],
                "privatelink_access": [],
                "public_access": [],
                "schema_registry": "true",
                "schema_registry_config": [],
                "static_ips": ""
              }
            ],
            "karapace": null,
            "maintenance_window_dow": "saturday",
            "maintenance_window_time": "23:00:00",
            "plan": "business-4",
            "project": "pgrainger-demo",
            "project_vpc_id": null,
            "service_host": "prod-kafka-pgrainger-demo.aivencloud.com",
            "service_integrations": [],
            "service_name": "prod-kafka",
            "service_password": "AVNS_q4gv24i0YcvnSVKe7te",
            "service_port": 15332,
            "service_type": "kafka",
            "service_uri": "prod-kafka-pgrainger-demo.aivencloud.com:15332",
            "service_username": "avnadmin",
            "state": "RUNNING",
            "static_ips": [],
            "tag": [],
            "termination_protection": false,
            "timeouts": null
          },
          "sensitive_attributes": [],
          "private": "eyJlMmJmYjczMC1lY2FhLTExZTYtOGY4OC0zNDM2M2JjN2M0YzAiOnsiY3JlYXRlIjoxMjAwMDAwMDAwMDAwLCJkZWxldGUiOjEyMDAwMDAwMDAwMDAsInVwZGF0ZSI6MTIwMDAwMDAwMDAwMH19"
        }
      ]
    },
    {
      "mode": "managed",
      "type": "aiven_kafka_connect",
      "name": "kc",
      "provider": "provider[\"registry.terraform.io/aiven/aiven\"]",
      "instances": [
        {
          "schema_version": 0,
          "attributes": {
            "additional_disk_space": null,
            "cloud_name": "google-us-west1",
            "components": [
              {
                "component": "kafka_connect",
                "host": "kc-pgrainger-demo.aivencloud.com",
                "kafka_authentication_method": "",
                "port": 443,
                "route": "dynamic",
                "ssl": false,
                "usage": "primary"
              }
            ],
            "disk_space": null,
            "disk_space_cap": "0B",
            "disk_space_default": "0B",
            "disk_space_step": "0B",
            "disk_space_used": "0B",
            "id": "pgrainger-demo/kc",
            "kafka_connect": [
              {}
            ],
            "kafka_connect_user_config": [
              {
                "additional_backup_regions": [],
                "ip_filter": [
                  "0.0.0.0/0"
                ],
                "kafka_connect": [],
                "private_access": [],
                "privatelink_access": [],
                "public_access": [],
                "static_ips": ""
              }
            ],
            "maintenance_window_dow": "saturday",
            "maintenance_window_time": "23:00:00",
            "plan": "business-4",
            "project": "pgrainger-demo",
            "project_vpc_id": null,
            "service_host": "kc-pgrainger-demo.aivencloud.com",
            "service_integrations": [],
            "service_name": "kc",
            "service_password": "AVNS_SjEzqXgHC3nLBQg2J4w",
            "service_port": 443,
            "service_type": "kafka_connect",
            "service_uri": "https://avnadmin:AVNS_SjEzqXgHC3nLBQg2J4w@kc-pgrainger-demo.aivencloud.com:443",
            "service_username": "avnadmin",
            "state": "RUNNING",
            "static_ips": [],
            "tag": [],
            "termination_protection": false,
            "timeouts": null
          },
          "sensitive_attributes": [],
          "private": "eyJlMmJmYjczMC1lY2FhLTExZTYtOGY4OC0zNDM2M2JjN2M0YzAiOnsiY3JlYXRlIjoxMjAwMDAwMDAwMDAwLCJkZWxldGUiOjEyMDAwMDAwMDAwMDAsInVwZGF0ZSI6MTIwMDAwMDAwMDAwMH19"
        }
      ]
    },
    {
      "mode": "managed",
      "type": "aiven_kafka_connector",
      "name": "cdc",
      "provider": "provider[\"registry.terraform.io/aiven/aiven\"]",
      "instances": [
        {
          "schema_version": 0,
          "attributes": {
            "config": {
              "_aiven.restart.on.failure": "true",
              "connector.class": "io.debezium.connector.postgresql.PostgresConnector",
              "database.dbname": "defaultdb",
              "database.hostname": "prod-pg-pgrainger-demo.aivencloud.com",
              "database.password": "AVNS_Qlca6Btoq-uGhOPidEu",
              "database.port": "15330",
              "database.server.name": "pg",
              "database.ssl.mode": "require",
              "database.user": "avnadmin",
              "decimal.handling.mode": "double",
              "include.query": "true",
              "include.schema.changes": "false",
              "name": "cdc",
              "plugin.name": "wal2json",
              "table.include.list": "public.orders",
              "topics": "order"
            },
            "connector_name": "cdc",
            "id": "pgrainger-demo/kc/cdc",
            "plugin_author": "Debezium",
            "plugin_class": "io.debezium.connector.postgresql.PostgresConnector",
            "plugin_doc_url": "https://debezium.io/docs/connectors/postgresql/",
            "plugin_title": "Debezium - PostgreSQL",
            "plugin_type": "source",
            "plugin_version": "1.9.5.Final",
            "project": "pgrainger-demo",
            "service_name": "kc",
            "task": [
              {
                "connector": "cdc",
                "task": 0
              }
            ],
            "timeouts": null
          },
          "sensitive_attributes": [
            [
              {
                "type": "get_attr",
                "value": "config"
              },
              {
                "type": "index",
                "value": {
                  "value": "database.password",
                  "type": "string"
                }
              }
            ]
          ],
          "private": "eyJlMmJmYjczMC1lY2FhLTExZTYtOGY4OC0zNDM2M2JjN2M0YzAiOnsicmVhZCI6MTIwMDAwMDAwMDAwfX0=",
          "dependencies": [
            "aiven_kafka_connect.kc",
            "aiven_kafka_topic.order",
            "aiven_pg.pg"
          ]
        }
      ]
    },
    {
      "mode": "managed",
      "type": "aiven_kafka_mirrormaker",
      "name": "mm2",
      "provider": "provider[\"registry.terraform.io/aiven/aiven\"]",
      "instances": [
        {
          "schema_version": 0,
          "attributes": {
            "additional_disk_space": null,
            "cloud_name": "google-us-west1",
            "components": [],
            "disk_space": null,
            "disk_space_cap": "0B",
            "disk_space_default": "0B",
            "disk_space_step": "0B",
            "disk_space_used": "0B",
            "id": "pgrainger-demo/mm2",
            "kafka_mirrormaker": [
              {}
            ],
            "kafka_mirrormaker_user_config": [
              {
                "additional_backup_regions": [],
                "ip_filter": [
                  "0.0.0.0/0"
                ],
                "kafka_mirrormaker": [
                  {
                    "emit_checkpoints_enabled": "",
                    "emit_checkpoints_interval_seconds": "",
                    "refresh_groups_enabled": "",
                    "refresh_groups_interval_seconds": "600",
                    "refresh_topics_enabled": "true",
                    "refresh_topics_interval_seconds": "600",
                    "sync_group_offsets_enabled": "",
                    "sync_group_offsets_interval_seconds": "",
                    "sync_topic_configs_enabled": "",
                    "tasks_max_per_cpu": "1"
                  }
                ],
                "static_ips": ""
              }
            ],
            "maintenance_window_dow": "saturday",
            "maintenance_window_time": "23:00:00",
            "plan": "business-4",
            "project": "pgrainger-demo",
            "project_vpc_id": null,
            "service_host": "mm2-pgrainger-demo.aivencloud.com",
            "service_integrations": [],
            "service_name": "mm2",
            "service_password": null,
            "service_port": 0,
            "service_type": "kafka_mirrormaker",
            "service_uri": "mm2-pgrainger-demo.aivencloud.com:",
            "service_username": null,
            "state": "RUNNING",
            "static_ips": [],
            "tag": [],
            "termination_protection": false,
            "timeouts": null
          },
          "sensitive_attributes": [],
          "private": "eyJlMmJmYjczMC1lY2FhLTExZTYtOGY4OC0zNDM2M2JjN2M0YzAiOnsiY3JlYXRlIjoxMjAwMDAwMDAwMDAwLCJkZWxldGUiOjEyMDAwMDAwMDAwMDAsInVwZGF0ZSI6MTIwMDAwMDAwMDAwMH19"
        }
      ]
    },
    {
      "mode": "managed",
      "type": "aiven_kafka_topic",
      "name": "fx",
      "provider": "provider[\"registry.terraform.io/aiven/aiven\"]",
      "instances": [
        {
          "schema_version": 0,
          "attributes": {
            "config": [
              {
                "cleanup_policy": "compact,delete",
                "compression_type": "producer",
                "delete_retention_ms": "86400000",
                "file_delete_delay_ms": "60000",
                "flush_messages": "9223372036854775807",
                "flush_ms": "10",
                "index_interval_bytes": "4096",
                "max_compaction_lag_ms": "9223372036854775807",
                "max_message_bytes": "1048588",
                "message_downconversion_enable": "true",
                "message_format_version": "3.0-IV1",
                "message_timestamp_difference_max_ms": "9223372036854775807",
                "message_timestamp_type": "CreateTime",
                "min_cleanable_dirty_ratio": "0.5",
                "min_compaction_lag_ms": "0",
                "min_insync_replicas": "1",
                "preallocate": "false",
                "retention_bytes": "-1",
                "retention_ms": "604800000",
                "segment_bytes": "209715200",
                "segment_index_bytes": "10485760",
                "segment_jitter_ms": "0",
                "segment_ms": "604800000",
                "unclean_leader_election_enable": "true"
              }
            ],
            "id": "pgrainger-demo/prod-kafka/fxrates",
            "partitions": 5,
            "project": "pgrainger-demo",
            "replication": 3,
            "service_name": "prod-kafka",
            "tag": [],
            "termination_protection": false,
            "timeouts": {
              "create": "1m",
              "delete": null,
              "read": "5m"
            },
            "topic_name": "fxrates"
          },
          "sensitive_attributes": [],
          "private": "eyJlMmJmYjczMC1lY2FhLTExZTYtOGY4OC0zNDM2M2JjN2M0YzAiOnsiY3JlYXRlIjo2MDAwMDAwMDAwMCwiZGVsZXRlIjoxMjAwMDAwMDAwMDAsInJlYWQiOjMwMDAwMDAwMDAwMH19",
          "dependencies": [
            "aiven_kafka.prod_kafka"
          ]
        }
      ]
    },
    {
      "mode": "managed",
      "type": "aiven_kafka_topic",
      "name": "fx_dr",
      "provider": "provider[\"registry.terraform.io/aiven/aiven\"]",
      "instances": [
        {
          "schema_version": 0,
          "attributes": {
            "config": [
              {
                "cleanup_policy": "compact,delete",
                "compression_type": "producer",
                "delete_retention_ms": "86400000",
                "file_delete_delay_ms": "60000",
                "flush_messages": "9223372036854775807",
                "flush_ms": "10",
                "index_interval_bytes": "4096",
                "max_compaction_lag_ms": "9223372036854775807",
                "max_message_bytes": "1048588",
                "message_downconversion_enable": "true",
                "message_format_version": "3.0-IV1",
                "message_timestamp_difference_max_ms": "9223372036854775807",
                "message_timestamp_type": "CreateTime",
                "min_cleanable_dirty_ratio": "0.5",
                "min_compaction_lag_ms": "0",
                "min_insync_replicas": "1",
                "preallocate": "false",
                "retention_bytes": "-1",
                "retention_ms": "604800000",
                "segment_bytes": "209715200",
                "segment_index_bytes": "10485760",
                "segment_jitter_ms": "0",
                "segment_ms": "604800000",
                "unclean_leader_election_enable": "true"
              }
            ],
            "id": "pgrainger-demo/dr-kafka/fxrates",
            "partitions": 5,
            "project": "pgrainger-demo",
            "replication": 3,
            "service_name": "dr-kafka",
            "tag": [],
            "termination_protection": false,
            "timeouts": {
              "create": "1m",
              "delete": null,
              "read": "5m"
            },
            "topic_name": "fxrates"
          },
          "sensitive_attributes": [],
          "private": "eyJlMmJmYjczMC1lY2FhLTExZTYtOGY4OC0zNDM2M2JjN2M0YzAiOnsiY3JlYXRlIjo2MDAwMDAwMDAwMCwiZGVsZXRlIjoxMjAwMDAwMDAwMDAsInJlYWQiOjMwMDAwMDAwMDAwMH19",
          "dependencies": [
            "aiven_kafka.dr_kafka"
          ]
        }
      ]
    },
    {
      "mode": "managed",
      "type": "aiven_kafka_topic",
      "name": "order",
      "provider": "provider[\"registry.terraform.io/aiven/aiven\"]",
      "instances": [
        {
          "schema_version": 0,
          "attributes": {
            "config": [
              {
                "cleanup_policy": "compact,delete",
                "compression_type": "producer",
                "delete_retention_ms": "86400000",
                "file_delete_delay_ms": "60000",
                "flush_messages": "9223372036854775807",
                "flush_ms": "10",
                "index_interval_bytes": "4096",
                "max_compaction_lag_ms": "9223372036854775807",
                "max_message_bytes": "1048588",
                "message_downconversion_enable": "true",
                "message_format_version": "3.0-IV1",
                "message_timestamp_difference_max_ms": "9223372036854775807",
                "message_timestamp_type": "CreateTime",
                "min_cleanable_dirty_ratio": "0.5",
                "min_compaction_lag_ms": "0",
                "min_insync_replicas": "1",
                "preallocate": "false",
                "retention_bytes": "-1",
                "retention_ms": "604800000",
                "segment_bytes": "209715200",
                "segment_index_bytes": "10485760",
                "segment_jitter_ms": "0",
                "segment_ms": "604800000",
                "unclean_leader_election_enable": "true"
              }
            ],
            "id": "pgrainger-demo/prod-kafka/order",
            "partitions": 5,
            "project": "pgrainger-demo",
            "replication": 3,
            "service_name": "prod-kafka",
            "tag": [],
            "termination_protection": false,
            "timeouts": {
              "create": "1m",
              "delete": null,
              "read": "5m"
            },
            "topic_name": "order"
          },
          "sensitive_attributes": [],
          "private": "eyJlMmJmYjczMC1lY2FhLTExZTYtOGY4OC0zNDM2M2JjN2M0YzAiOnsiY3JlYXRlIjo2MDAwMDAwMDAwMCwiZGVsZXRlIjoxMjAwMDAwMDAwMDAsInJlYWQiOjMwMDAwMDAwMDAwMH19",
          "dependencies": [
            "aiven_kafka.prod_kafka"
          ]
        }
      ]
    },
    {
      "mode": "managed",
      "type": "aiven_kafka_topic",
      "name": "order_dr",
      "provider": "provider[\"registry.terraform.io/aiven/aiven\"]",
      "instances": [
        {
          "schema_version": 0,
          "attributes": {
            "config": [
              {
                "cleanup_policy": "compact,delete",
                "compression_type": "producer",
                "delete_retention_ms": "86400000",
                "file_delete_delay_ms": "60000",
                "flush_messages": "9223372036854775807",
                "flush_ms": "10",
                "index_interval_bytes": "4096",
                "max_compaction_lag_ms": "9223372036854775807",
                "max_message_bytes": "1048588",
                "message_downconversion_enable": "true",
                "message_format_version": "3.0-IV1",
                "message_timestamp_difference_max_ms": "9223372036854775807",
                "message_timestamp_type": "CreateTime",
                "min_cleanable_dirty_ratio": "0.5",
                "min_compaction_lag_ms": "0",
                "min_insync_replicas": "1",
                "preallocate": "false",
                "retention_bytes": "-1",
                "retention_ms": "604800000",
                "segment_bytes": "209715200",
                "segment_index_bytes": "10485760",
                "segment_jitter_ms": "0",
                "segment_ms": "604800000",
                "unclean_leader_election_enable": "true"
              }
            ],
            "id": "pgrainger-demo/dr-kafka/order",
            "partitions": 5,
            "project": "pgrainger-demo",
            "replication": 3,
            "service_name": "dr-kafka",
            "tag": [],
            "termination_protection": false,
            "timeouts": {
              "create": "1m",
              "delete": null,
              "read": "5m"
            },
            "topic_name": "order"
          },
          "sensitive_attributes": [],
          "private": "eyJlMmJmYjczMC1lY2FhLTExZTYtOGY4OC0zNDM2M2JjN2M0YzAiOnsiY3JlYXRlIjo2MDAwMDAwMDAwMCwiZGVsZXRlIjoxMjAwMDAwMDAwMDAsInJlYWQiOjMwMDAwMDAwMDAwMH19",
          "dependencies": [
            "aiven_kafka.dr_kafka"
          ]
        }
      ]
    },
    {
      "mode": "managed",
      "type": "aiven_kafka_topic",
      "name": "quote",
      "provider": "provider[\"registry.terraform.io/aiven/aiven\"]",
      "instances": [
        {
          "schema_version": 0,
          "attributes": {
            "config": [
              {
                "cleanup_policy": "compact,delete",
                "compression_type": "producer",
                "delete_retention_ms": "86400000",
                "file_delete_delay_ms": "60000",
                "flush_messages": "9223372036854775807",
                "flush_ms": "10",
                "index_interval_bytes": "4096",
                "max_compaction_lag_ms": "9223372036854775807",
                "max_message_bytes": "1048588",
                "message_downconversion_enable": "true",
                "message_format_version": "3.0-IV1",
                "message_timestamp_difference_max_ms": "9223372036854775807",
                "message_timestamp_type": "CreateTime",
                "min_cleanable_dirty_ratio": "0.5",
                "min_compaction_lag_ms": "0",
                "min_insync_replicas": "1",
                "preallocate": "false",
                "retention_bytes": "-1",
                "retention_ms": "604800000",
                "segment_bytes": "209715200",
                "segment_index_bytes": "10485760",
                "segment_jitter_ms": "0",
                "segment_ms": "604800000",
                "unclean_leader_election_enable": "true"
              }
            ],
            "id": "pgrainger-demo/prod-kafka/quote",
            "partitions": 5,
            "project": "pgrainger-demo",
            "replication": 3,
            "service_name": "prod-kafka",
            "tag": [],
            "termination_protection": false,
            "timeouts": {
              "create": "1m",
              "delete": null,
              "read": "5m"
            },
            "topic_name": "quote"
          },
          "sensitive_attributes": [],
          "private": "eyJlMmJmYjczMC1lY2FhLTExZTYtOGY4OC0zNDM2M2JjN2M0YzAiOnsiY3JlYXRlIjo2MDAwMDAwMDAwMCwiZGVsZXRlIjoxMjAwMDAwMDAwMDAsInJlYWQiOjMwMDAwMDAwMDAwMH19",
          "dependencies": [
            "aiven_kafka.prod_kafka"
          ]
        }
      ]
    },
    {
      "mode": "managed",
      "type": "aiven_kafka_topic",
      "name": "quote_dr",
      "provider": "provider[\"registry.terraform.io/aiven/aiven\"]",
      "instances": [
        {
          "schema_version": 0,
          "attributes": {
            "config": [
              {
                "cleanup_policy": "compact,delete",
                "compression_type": "producer",
                "delete_retention_ms": "86400000",
                "file_delete_delay_ms": "60000",
                "flush_messages": "9223372036854775807",
                "flush_ms": "10",
                "index_interval_bytes": "4096",
                "max_compaction_lag_ms": "9223372036854775807",
                "max_message_bytes": "1048588",
                "message_downconversion_enable": "true",
                "message_format_version": "3.0-IV1",
                "message_timestamp_difference_max_ms": "9223372036854775807",
                "message_timestamp_type": "CreateTime",
                "min_cleanable_dirty_ratio": "0.5",
                "min_compaction_lag_ms": "0",
                "min_insync_replicas": "1",
                "preallocate": "false",
                "retention_bytes": "-1",
                "retention_ms": "604800000",
                "segment_bytes": "209715200",
                "segment_index_bytes": "10485760",
                "segment_jitter_ms": "0",
                "segment_ms": "604800000",
                "unclean_leader_election_enable": "true"
              }
            ],
            "id": "pgrainger-demo/dr-kafka/quote",
            "partitions": 5,
            "project": "pgrainger-demo",
            "replication": 3,
            "service_name": "dr-kafka",
            "tag": [],
            "termination_protection": false,
            "timeouts": {
              "create": "1m",
              "delete": null,
              "read": "5m"
            },
            "topic_name": "quote"
          },
          "sensitive_attributes": [],
          "private": "eyJlMmJmYjczMC1lY2FhLTExZTYtOGY4OC0zNDM2M2JjN2M0YzAiOnsiY3JlYXRlIjo2MDAwMDAwMDAwMCwiZGVsZXRlIjoxMjAwMDAwMDAwMDAsInJlYWQiOjMwMDAwMDAwMDAwMH19",
          "dependencies": [
            "aiven_kafka.dr_kafka"
          ]
        }
      ]
    },
    {
      "mode": "managed",
      "type": "aiven_kafka_topic",
      "name": "trade",
      "provider": "provider[\"registry.terraform.io/aiven/aiven\"]",
      "instances": [
        {
          "schema_version": 0,
          "attributes": {
            "config": [
              {
                "cleanup_policy": "compact,delete",
                "compression_type": "producer",
                "delete_retention_ms": "86400000",
                "file_delete_delay_ms": "60000",
                "flush_messages": "9223372036854775807",
                "flush_ms": "10",
                "index_interval_bytes": "4096",
                "max_compaction_lag_ms": "9223372036854775807",
                "max_message_bytes": "1048588",
                "message_downconversion_enable": "true",
                "message_format_version": "3.0-IV1",
                "message_timestamp_difference_max_ms": "9223372036854775807",
                "message_timestamp_type": "CreateTime",
                "min_cleanable_dirty_ratio": "0.5",
                "min_compaction_lag_ms": "0",
                "min_insync_replicas": "1",
                "preallocate": "false",
                "retention_bytes": "-1",
                "retention_ms": "604800000",
                "segment_bytes": "209715200",
                "segment_index_bytes": "10485760",
                "segment_jitter_ms": "0",
                "segment_ms": "604800000",
                "unclean_leader_election_enable": "true"
              }
            ],
            "id": "pgrainger-demo/prod-kafka/trade",
            "partitions": 5,
            "project": "pgrainger-demo",
            "replication": 3,
            "service_name": "prod-kafka",
            "tag": [],
            "termination_protection": false,
            "timeouts": {
              "create": "1m",
              "delete": null,
              "read": "5m"
            },
            "topic_name": "trade"
          },
          "sensitive_attributes": [],
          "private": "eyJlMmJmYjczMC1lY2FhLTExZTYtOGY4OC0zNDM2M2JjN2M0YzAiOnsiY3JlYXRlIjo2MDAwMDAwMDAwMCwiZGVsZXRlIjoxMjAwMDAwMDAwMDAsInJlYWQiOjMwMDAwMDAwMDAwMH19",
          "dependencies": [
            "aiven_kafka.prod_kafka"
          ]
        }
      ]
    },
    {
      "mode": "managed",
      "type": "aiven_kafka_topic",
      "name": "trade_dr",
      "provider": "provider[\"registry.terraform.io/aiven/aiven\"]",
      "instances": [
        {
          "schema_version": 0,
          "attributes": {
            "config": [
              {
                "cleanup_policy": "compact,delete",
                "compression_type": "producer",
                "delete_retention_ms": "86400000",
                "file_delete_delay_ms": "60000",
                "flush_messages": "9223372036854775807",
                "flush_ms": "10",
                "index_interval_bytes": "4096",
                "max_compaction_lag_ms": "9223372036854775807",
                "max_message_bytes": "1048588",
                "message_downconversion_enable": "true",
                "message_format_version": "3.0-IV1",
                "message_timestamp_difference_max_ms": "9223372036854775807",
                "message_timestamp_type": "CreateTime",
                "min_cleanable_dirty_ratio": "0.5",
                "min_compaction_lag_ms": "0",
                "min_insync_replicas": "1",
                "preallocate": "false",
                "retention_bytes": "-1",
                "retention_ms": "604800000",
                "segment_bytes": "209715200",
                "segment_index_bytes": "10485760",
                "segment_jitter_ms": "0",
                "segment_ms": "604800000",
                "unclean_leader_election_enable": "true"
              }
            ],
            "id": "pgrainger-demo/dr-kafka/trade",
            "partitions": 5,
            "project": "pgrainger-demo",
            "replication": 3,
            "service_name": "dr-kafka",
            "tag": [],
            "termination_protection": false,
            "timeouts": {
              "create": "1m",
              "delete": null,
              "read": "5m"
            },
            "topic_name": "trade"
          },
          "sensitive_attributes": [],
          "private": "eyJlMmJmYjczMC1lY2FhLTExZTYtOGY4OC0zNDM2M2JjN2M0YzAiOnsiY3JlYXRlIjo2MDAwMDAwMDAwMCwiZGVsZXRlIjoxMjAwMDAwMDAwMDAsInJlYWQiOjMwMDAwMDAwMDAwMH19",
          "dependencies": [
            "aiven_kafka.dr_kafka"
          ]
        }
      ]
    },
    {
      "mode": "managed",
      "type": "aiven_mirrormaker_replication_flow",
      "name": "dr-replication-flow",
      "provider": "provider[\"registry.terraform.io/aiven/aiven\"]",
      "instances": [
        {
          "schema_version": 0,
          "attributes": {
            "emit_heartbeats_enabled": true,
            "enable": true,
            "id": "pgrainger-demo/mm2/prod/dr",
            "project": "pgrainger-demo",
            "replication_policy_class": "org.apache.kafka.connect.mirror.IdentityReplicationPolicy",
            "service_name": "mm2",
            "source_cluster": "prod",
            "sync_group_offsets_enabled": true,
            "sync_group_offsets_interval_seconds": 1,
            "target_cluster": "dr",
            "topics": [
              ".*"
            ],
            "topics_blacklist": []
          },
          "sensitive_attributes": [],
          "private": "bnVsbA==",
          "dependencies": [
            "aiven_kafka_mirrormaker.mm2"
          ]
        }
      ]
    },
    {
      "mode": "managed",
      "type": "aiven_pg",
      "name": "pg",
      "provider": "provider[\"registry.terraform.io/aiven/aiven\"]",
      "instances": [
        {
          "schema_version": 0,
          "attributes": {
            "additional_disk_space": null,
            "cloud_name": "google-us-west1",
            "components": [
              {
                "component": "pg",
                "host": "prod-pg-pgrainger-demo.aivencloud.com",
                "kafka_authentication_method": "",
                "port": 15330,
                "route": "dynamic",
                "ssl": false,
                "usage": "primary"
              },
              {
                "component": "pg",
                "host": "replica-prod-pg-pgrainger-demo.aivencloud.com",
                "kafka_authentication_method": "",
                "port": 15330,
                "route": "dynamic",
                "ssl": false,
                "usage": "replica"
              },
              {
                "component": "pgbouncer",
                "host": "prod-pg-pgrainger-demo.aivencloud.com",
                "kafka_authentication_method": "",
                "port": 15331,
                "route": "dynamic",
                "ssl": false,
                "usage": "primary"
              },
              {
                "component": "pgbouncer",
                "host": "replica-prod-pg-pgrainger-demo.aivencloud.com",
                "kafka_authentication_method": "",
                "port": 15331,
                "route": "dynamic",
                "ssl": false,
                "usage": "replica"
              }
            ],
            "disk_space": null,
            "disk_space_cap": "240GiB",
            "disk_space_default": "80GiB",
            "disk_space_step": "10GiB",
            "disk_space_used": "80GiB",
            "id": "pgrainger-demo/prod-pg",
            "maintenance_window_dow": "saturday",
            "maintenance_window_time": "23:00:00",
            "pg": [
              {
                "dbname": "defaultdb",
                "host": "34.145.72.154",
                "max_connections": 100,
                "password": "AVNS_Qlca6Btoq-uGhOPidEu",
                "port": 15330,
                "replica_uri": "postgres://avnadmin:AVNS_Qlca6Btoq-uGhOPidEu@replica-prod-pg-pgrainger-demo.aivencloud.com:15330/defaultdb?sslmode=require",
                "sslmode": "require",
                "uri": "postgres://avnadmin:AVNS_Qlca6Btoq-uGhOPidEu@34.145.72.154:15330/defaultdb?sslmode=require",
                "user": "avnadmin"
              }
            ],
            "pg_user_config": [
              {
                "additional_backup_regions": [],
                "admin_password": "",
                "admin_username": "",
                "backup_hour": "14",
                "backup_minute": "36",
                "enable_ipv6": "",
                "ip_filter": [
                  "0.0.0.0/0"
                ],
                "migration": [],
                "pg": [
                  {
                    "autovacuum_analyze_scale_factor": "",
                    "autovacuum_analyze_threshold": "",
                    "autovacuum_freeze_max_age": "",
                    "autovacuum_max_workers": "",
                    "autovacuum_naptime": "",
                    "autovacuum_vacuum_cost_delay": "",
                    "autovacuum_vacuum_cost_limit": "",
                    "autovacuum_vacuum_scale_factor": "",
                    "autovacuum_vacuum_threshold": "",
                    "bgwriter_delay": "",
                    "bgwriter_flush_after": "",
                    "bgwriter_lru_maxpages": "",
                    "bgwriter_lru_multiplier": "",
                    "deadlock_timeout": "",
                    "default_toast_compression": "",
                    "idle_in_transaction_session_timeout": "",
                    "jit": "",
                    "log_autovacuum_min_duration": "",
                    "log_error_verbosity": "",
                    "log_line_prefix": "",
                    "log_min_duration_statement": "",
                    "log_temp_files": "",
                    "max_files_per_process": "",
                    "max_locks_per_transaction": "",
                    "max_logical_replication_workers": "",
                    "max_parallel_workers": "",
                    "max_parallel_workers_per_gather": "",
                    "max_pred_locks_per_transaction": "",
                    "max_prepared_transactions": "",
                    "max_replication_slots": "",
                    "max_slot_wal_keep_size": "",
                    "max_stack_depth": "",
                    "max_standby_archive_delay": "",
                    "max_standby_streaming_delay": "",
                    "max_wal_senders": "",
                    "max_worker_processes": "",
                    "pg_partman_bgw__dot__interval": "",
                    "pg_partman_bgw__dot__role": "",
                    "pg_stat_statements__dot__track": "",
                    "temp_file_limit": "",
                    "timezone": "",
                    "track_activity_query_size": "",
                    "track_commit_timestamp": "",
                    "track_functions": "",
                    "track_io_timing": "",
                    "wal_sender_timeout": "",
                    "wal_writer_delay": ""
                  }
                ],
                "pg_read_replica": "",
                "pg_service_to_fork_from": "",
                "pg_stat_monitor_enable": "false",
                "pg_version": "14",
                "pgbouncer": [],
                "pglookout": [
                  {
                    "max_failover_replication_time_lag": "60"
                  }
                ],
                "private_access": [],
                "privatelink_access": [],
                "project_to_fork_from": "",
                "public_access": [],
                "recovery_target_time": "",
                "service_to_fork_from": "",
                "shared_buffers_percentage": "",
                "static_ips": "",
                "synchronous_replication": "",
                "timescaledb": [],
                "variant": "",
                "work_mem": ""
              }
            ],
            "plan": "business-4",
            "project": "pgrainger-demo",
            "project_vpc_id": null,
            "service_host": "prod-pg-pgrainger-demo.aivencloud.com",
            "service_integrations": [],
            "service_name": "prod-pg",
            "service_password": "AVNS_Qlca6Btoq-uGhOPidEu",
            "service_port": 15330,
            "service_type": "pg",
            "service_uri": "postgres://avnadmin:AVNS_Qlca6Btoq-uGhOPidEu@prod-pg-pgrainger-demo.aivencloud.com:15330/defaultdb?sslmode=require",
            "service_username": "avnadmin",
            "state": "RUNNING",
            "static_ips": [],
            "tag": [],
            "termination_protection": false,
            "timeouts": {
              "create": "20m",
              "default": null,
              "delete": null,
              "update": "15m"
            }
          },
          "sensitive_attributes": [],
          "private": "eyJlMmJmYjczMC1lY2FhLTExZTYtOGY4OC0zNDM2M2JjN2M0YzAiOnsiY3JlYXRlIjoxMjAwMDAwMDAwMDAwLCJkZWZhdWx0IjozMDAwMDAwMDAwMDAsImRlbGV0ZSI6MTIwMDAwMDAwMDAwMCwicmVhZCI6MzAwMDAwMDAwMDAwLCJ1cGRhdGUiOjkwMDAwMDAwMDAwMH19"
        }
      ]
    },
    {
      "mode": "managed",
      "type": "aiven_pg",
      "name": "pg_dr",
      "provider": "provider[\"registry.terraform.io/aiven/aiven\"]",
      "instances": [
        {
          "schema_version": 0,
          "attributes": {
            "additional_disk_space": null,
            "cloud_name": "google-us-east1",
            "components": [
              {
                "component": "pg",
                "host": "dr-pg-pgrainger-demo.aivencloud.com",
                "kafka_authentication_method": "",
                "port": 15330,
                "route": "dynamic",
                "ssl": false,
                "usage": "primary"
              },
              {
                "component": "pgbouncer",
                "host": "dr-pg-pgrainger-demo.aivencloud.com",
                "kafka_authentication_method": "",
                "port": 15331,
                "route": "dynamic",
                "ssl": false,
                "usage": "primary"
              }
            ],
            "disk_space": null,
            "disk_space_cap": "240GiB",
            "disk_space_default": "80GiB",
            "disk_space_step": "10GiB",
            "disk_space_used": "80GiB",
            "id": "pgrainger-demo/dr-pg",
            "maintenance_window_dow": "saturday",
            "maintenance_window_time": "23:00:00",
            "pg": [
              {
                "dbname": "defaultdb",
                "host": "34.23.221.229",
                "max_connections": 100,
                "password": "AVNS_Qlca6Btoq-uGhOPidEu",
                "port": 15330,
                "replica_uri": "",
                "sslmode": "require",
                "uri": "postgres://avnadmin:AVNS_Qlca6Btoq-uGhOPidEu@34.23.221.229:15330/defaultdb?sslmode=require",
                "user": "avnadmin"
              }
            ],
            "pg_user_config": [
              {
                "additional_backup_regions": [],
                "admin_password": "",
                "admin_username": "",
                "backup_hour": "14",
                "backup_minute": "36",
                "enable_ipv6": "",
                "ip_filter": [
                  "0.0.0.0/0"
                ],
                "migration": [],
                "pg": [
                  {
                    "autovacuum_analyze_scale_factor": "",
                    "autovacuum_analyze_threshold": "",
                    "autovacuum_freeze_max_age": "",
                    "autovacuum_max_workers": "",
                    "autovacuum_naptime": "",
                    "autovacuum_vacuum_cost_delay": "",
                    "autovacuum_vacuum_cost_limit": "",
                    "autovacuum_vacuum_scale_factor": "",
                    "autovacuum_vacuum_threshold": "",
                    "bgwriter_delay": "",
                    "bgwriter_flush_after": "",
                    "bgwriter_lru_maxpages": "",
                    "bgwriter_lru_multiplier": "",
                    "deadlock_timeout": "",
                    "default_toast_compression": "",
                    "idle_in_transaction_session_timeout": "",
                    "jit": "",
                    "log_autovacuum_min_duration": "",
                    "log_error_verbosity": "",
                    "log_line_prefix": "",
                    "log_min_duration_statement": "",
                    "log_temp_files": "",
                    "max_files_per_process": "",
                    "max_locks_per_transaction": "",
                    "max_logical_replication_workers": "",
                    "max_parallel_workers": "",
                    "max_parallel_workers_per_gather": "",
                    "max_pred_locks_per_transaction": "",
                    "max_prepared_transactions": "",
                    "max_replication_slots": "",
                    "max_slot_wal_keep_size": "",
                    "max_stack_depth": "",
                    "max_standby_archive_delay": "",
                    "max_standby_streaming_delay": "",
                    "max_wal_senders": "",
                    "max_worker_processes": "",
                    "pg_partman_bgw__dot__interval": "",
                    "pg_partman_bgw__dot__role": "",
                    "pg_stat_statements__dot__track": "",
                    "temp_file_limit": "",
                    "timezone": "",
                    "track_activity_query_size": "",
                    "track_commit_timestamp": "",
                    "track_functions": "",
                    "track_io_timing": "",
                    "wal_sender_timeout": "",
                    "wal_writer_delay": ""
                  }
                ],
                "pg_read_replica": "true",
                "pg_service_to_fork_from": "",
                "pg_stat_monitor_enable": "false",
                "pg_version": "14",
                "pgbouncer": [],
                "pglookout": [
                  {
                    "max_failover_replication_time_lag": "60"
                  }
                ],
                "private_access": [],
                "privatelink_access": [],
                "project_to_fork_from": "",
                "public_access": [],
                "recovery_target_time": "",
                "service_to_fork_from": "",
                "shared_buffers_percentage": "",
                "static_ips": "",
                "synchronous_replication": "",
                "timescaledb": [],
                "variant": "",
                "work_mem": ""
              }
            ],
            "plan": "startup-4",
            "project": "pgrainger-demo",
            "project_vpc_id": null,
            "service_host": "dr-pg-pgrainger-demo.aivencloud.com",
            "service_integrations": [
              {
                "integration_type": "read_replica",
                "source_service_name": "prod-pg"
              }
            ],
            "service_name": "dr-pg",
            "service_password": "AVNS_Qlca6Btoq-uGhOPidEu",
            "service_port": 15330,
            "service_type": "pg",
            "service_uri": "postgres://avnadmin:AVNS_Qlca6Btoq-uGhOPidEu@dr-pg-pgrainger-demo.aivencloud.com:15330/defaultdb?sslmode=require",
            "service_username": "avnadmin",
            "state": "RUNNING",
            "static_ips": [],
            "tag": [],
            "termination_protection": false,
            "timeouts": {
              "create": "20m",
              "default": null,
              "delete": null,
              "update": "15m"
            }
          },
          "sensitive_attributes": [],
          "private": "eyJlMmJmYjczMC1lY2FhLTExZTYtOGY4OC0zNDM2M2JjN2M0YzAiOnsiY3JlYXRlIjoxMjAwMDAwMDAwMDAwLCJkZWZhdWx0IjozMDAwMDAwMDAwMDAsImRlbGV0ZSI6MTIwMDAwMDAwMDAwMCwicmVhZCI6MzAwMDAwMDAwMDAwLCJ1cGRhdGUiOjkwMDAwMDAwMDAwMH19",
          "dependencies": [
            "aiven_pg.pg"
          ]
        }
      ]
    },
    {
      "mode": "managed",
      "type": "aiven_service_integration",
      "name": "flink_kafka",
      "provider": "provider[\"registry.terraform.io/aiven/aiven\"]",
      "instances": [
        {
          "schema_version": 0,
          "attributes": {
            "datadog_user_config": [],
            "destination_endpoint_id": null,
            "destination_service_name": "prod-flink",
            "id": "pgrainger-demo/11196d3f-3651-42e4-ab40-1f3f7faf58ee",
            "integration_id": "11196d3f-3651-42e4-ab40-1f3f7faf58ee",
            "integration_type": "flink",
            "kafka_connect_user_config": [],
            "kafka_logs_user_config": [],
            "kafka_mirrormaker_user_config": [],
            "logs_user_config": [],
            "metrics_user_config": [],
            "mirrormaker_user_config": [],
            "project": "pgrainger-demo",
            "source_endpoint_id": null,
            "source_service_name": "prod-kafka",
            "timeouts": null
          },
          "sensitive_attributes": [],
          "private": "eyJlMmJmYjczMC1lY2FhLTExZTYtOGY4OC0zNDM2M2JjN2M0YzAiOnsiY3JlYXRlIjozMDAwMDAwMDAwMDB9fQ==",
          "dependencies": [
            "aiven_flink.flink",
            "aiven_kafka.prod_kafka"
          ]
        }
      ]
    },
    {
      "mode": "managed",
      "type": "aiven_service_integration",
      "name": "flink_pg",
      "provider": "provider[\"registry.terraform.io/aiven/aiven\"]",
      "instances": [
        {
          "schema_version": 0,
          "attributes": {
            "datadog_user_config": [],
            "destination_endpoint_id": null,
            "destination_service_name": "prod-flink",
            "id": "pgrainger-demo/66e6d539-f024-4a49-aafb-c19d6e08ee16",
            "integration_id": "66e6d539-f024-4a49-aafb-c19d6e08ee16",
            "integration_type": "flink",
            "kafka_connect_user_config": [],
            "kafka_logs_user_config": [],
            "kafka_mirrormaker_user_config": [],
            "logs_user_config": [],
            "metrics_user_config": [],
            "mirrormaker_user_config": [],
            "project": "pgrainger-demo",
            "source_endpoint_id": null,
            "source_service_name": "prod-pg",
            "timeouts": null
          },
          "sensitive_attributes": [],
          "private": "eyJlMmJmYjczMC1lY2FhLTExZTYtOGY4OC0zNDM2M2JjN2M0YzAiOnsiY3JlYXRlIjozMDAwMDAwMDAwMDB9fQ==",
          "dependencies": [
            "aiven_flink.flink",
            "aiven_pg.pg"
          ]
        }
      ]
    },
    {
      "mode": "managed",
      "type": "aiven_service_integration",
      "name": "kafka_connect",
      "provider": "provider[\"registry.terraform.io/aiven/aiven\"]",
      "instances": [
        {
          "schema_version": 0,
          "attributes": {
            "datadog_user_config": [],
            "destination_endpoint_id": null,
            "destination_service_name": "kc",
            "id": "pgrainger-demo/634c6dcb-e9aa-4489-8d45-f14131da5ff9",
            "integration_id": "634c6dcb-e9aa-4489-8d45-f14131da5ff9",
            "integration_type": "kafka_connect",
            "kafka_connect_user_config": [],
            "kafka_logs_user_config": [],
            "kafka_mirrormaker_user_config": [],
            "logs_user_config": [],
            "metrics_user_config": [],
            "mirrormaker_user_config": [],
            "project": "pgrainger-demo",
            "source_endpoint_id": null,
            "source_service_name": "prod-kafka",
            "timeouts": null
          },
          "sensitive_attributes": [],
          "private": "eyJlMmJmYjczMC1lY2FhLTExZTYtOGY4OC0zNDM2M2JjN2M0YzAiOnsiY3JlYXRlIjozMDAwMDAwMDAwMDB9fQ==",
          "dependencies": [
            "aiven_kafka.prod_kafka",
            "aiven_kafka_connect.kc"
          ]
        }
      ]
    },
    {
      "mode": "managed",
      "type": "aiven_service_integration",
      "name": "mm2-dr",
      "provider": "provider[\"registry.terraform.io/aiven/aiven\"]",
      "instances": [
        {
          "schema_version": 0,
          "attributes": {
            "datadog_user_config": [],
            "destination_endpoint_id": null,
            "destination_service_name": "mm2",
            "id": "pgrainger-demo/307d4aa7-1842-4753-97ee-c18fabffcd01",
            "integration_id": "307d4aa7-1842-4753-97ee-c18fabffcd01",
            "integration_type": "kafka_mirrormaker",
            "kafka_connect_user_config": [],
            "kafka_logs_user_config": [],
            "kafka_mirrormaker_user_config": [
              {
                "cluster_alias": "dr",
                "kafka_mirrormaker": []
              }
            ],
            "logs_user_config": [],
            "metrics_user_config": [],
            "mirrormaker_user_config": [],
            "project": "pgrainger-demo",
            "source_endpoint_id": null,
            "source_service_name": "dr-kafka",
            "timeouts": null
          },
          "sensitive_attributes": [],
          "private": "eyJlMmJmYjczMC1lY2FhLTExZTYtOGY4OC0zNDM2M2JjN2M0YzAiOnsiY3JlYXRlIjozMDAwMDAwMDAwMDB9fQ==",
          "dependencies": [
            "aiven_kafka.dr_kafka",
            "aiven_kafka_mirrormaker.mm2"
          ]
        }
      ]
    },
    {
      "mode": "managed",
      "type": "aiven_service_integration",
      "name": "mm2-prod",
      "provider": "provider[\"registry.terraform.io/aiven/aiven\"]",
      "instances": [
        {
          "schema_version": 0,
          "attributes": {
            "datadog_user_config": [],
            "destination_endpoint_id": null,
            "destination_service_name": "mm2",
            "id": "pgrainger-demo/05301c76-63b3-4251-9c25-2f6dc3b2f7ee",
            "integration_id": "05301c76-63b3-4251-9c25-2f6dc3b2f7ee",
            "integration_type": "kafka_mirrormaker",
            "kafka_connect_user_config": [],
            "kafka_logs_user_config": [],
            "kafka_mirrormaker_user_config": [
              {
                "cluster_alias": "prod",
                "kafka_mirrormaker": []
              }
            ],
            "logs_user_config": [],
            "metrics_user_config": [],
            "mirrormaker_user_config": [],
            "project": "pgrainger-demo",
            "source_endpoint_id": null,
            "source_service_name": "prod-kafka",
            "timeouts": null
          },
          "sensitive_attributes": [],
          "private": "eyJlMmJmYjczMC1lY2FhLTExZTYtOGY4OC0zNDM2M2JjN2M0YzAiOnsiY3JlYXRlIjozMDAwMDAwMDAwMDB9fQ==",
          "dependencies": [
            "aiven_kafka.prod_kafka",
            "aiven_kafka_mirrormaker.mm2"
          ]
        }
      ]
    },
    {
      "mode": "managed",
      "type": "aiven_service_integration",
      "name": "pg_dr",
      "provider": "provider[\"registry.terraform.io/aiven/aiven\"]",
      "instances": [
        {
          "schema_version": 0,
          "attributes": {
            "datadog_user_config": [],
            "destination_endpoint_id": null,
            "destination_service_name": "dr-pg",
            "id": "pgrainger-demo/593fc56d-92fd-45a8-b227-a698061585d3",
            "integration_id": "593fc56d-92fd-45a8-b227-a698061585d3",
            "integration_type": "read_replica",
            "kafka_connect_user_config": [],
            "kafka_logs_user_config": [],
            "kafka_mirrormaker_user_config": [],
            "logs_user_config": [],
            "metrics_user_config": [],
            "mirrormaker_user_config": [],
            "project": "pgrainger-demo",
            "source_endpoint_id": null,
            "source_service_name": "prod-pg",
            "timeouts": null
          },
          "sensitive_attributes": [],
          "private": "eyJlMmJmYjczMC1lY2FhLTExZTYtOGY4OC0zNDM2M2JjN2M0YzAiOnsiY3JlYXRlIjozMDAwMDAwMDAwMDB9fQ==",
          "dependencies": [
            "aiven_pg.pg",
            "aiven_pg.pg_dr"
          ]
        }
      ]
    },
    {
      "module": "module.metrics-logs-dr",
      "mode": "managed",
      "type": "aiven_grafana",
      "name": "gr",
      "provider": "provider[\"registry.terraform.io/aiven/aiven\"]",
      "instances": [
        {
          "schema_version": 0,
          "attributes": {
            "additional_disk_space": null,
            "cloud_name": "google-us-east1",
            "components": [
              {
                "component": "grafana",
                "host": "dr-metrics-dashboard-pgrainger-demo.aivencloud.com",
                "kafka_authentication_method": "",
                "port": 443,
                "route": "dynamic",
                "ssl": false,
                "usage": "primary"
              },
              {
                "component": "grafana",
                "host": "public-dr-metrics-dashboard-pgrainger-demo.aivencloud.com",
                "kafka_authentication_method": "",
                "port": 443,
                "route": "public",
                "ssl": false,
                "usage": "primary"
              }
            ],
            "disk_space": null,
            "disk_space_cap": "0B",
            "disk_space_default": "0B",
            "disk_space_step": "0B",
            "disk_space_used": "0B",
            "grafana": [
              {}
            ],
            "grafana_user_config": [
              {
                "additional_backup_regions": [],
                "alerting_enabled": "true",
                "alerting_error_or_timeout": "",
                "alerting_max_annotations_to_keep": "",
                "alerting_nodata_or_nullvalues": "",
                "allow_embedding": "",
                "auth_azuread": [],
                "auth_basic_enabled": "",
                "auth_generic_oauth": [],
                "auth_github": [],
                "auth_gitlab": [],
                "auth_google": [],
                "cookie_samesite": "",
                "custom_domain": "",
                "dashboards_min_refresh_interval": "",
                "dashboards_versions_to_keep": "",
                "dataproxy_send_user_header": "",
                "dataproxy_timeout": "",
                "date_formats": [],
                "disable_gravatar": "",
                "editors_can_admin": "",
                "external_image_storage": [],
                "google_analytics_ua_id": "",
                "ip_filter": [
                  "0.0.0.0/0"
                ],
                "metrics_enabled": "",
                "private_access": [],
                "privatelink_access": [],
                "project_to_fork_from": "",
                "public_access": [
                  {
                    "grafana": "true"
                  }
                ],
                "recovery_basebackup_name": "",
                "service_to_fork_from": "",
                "smtp_server": [],
                "static_ips": "",
                "user_auto_assign_org": "",
                "user_auto_assign_org_role": "",
                "viewers_can_edit": ""
              }
            ],
            "id": "pgrainger-demo/dr-metrics-dashboard",
            "maintenance_window_dow": "saturday",
            "maintenance_window_time": "23:00:00",
            "plan": "startup-1",
            "project": "pgrainger-demo",
            "project_vpc_id": null,
            "service_host": "dr-metrics-dashboard-pgrainger-demo.aivencloud.com",
            "service_integrations": [],
            "service_name": "dr-metrics-dashboard",
            "service_password": "AVNS_OHcymp9fePgZxSV0aEM",
            "service_port": 443,
            "service_type": "grafana",
            "service_uri": "https://dr-metrics-dashboard-pgrainger-demo.aivencloud.com:443",
            "service_username": "avnadmin",
            "state": "RUNNING",
            "static_ips": [],
            "tag": [],
            "termination_protection": false,
            "timeouts": null
          },
          "sensitive_attributes": [],
          "private": "eyJlMmJmYjczMC1lY2FhLTExZTYtOGY4OC0zNDM2M2JjN2M0YzAiOnsiY3JlYXRlIjoxMjAwMDAwMDAwMDAwLCJkZWxldGUiOjEyMDAwMDAwMDAwMDAsInVwZGF0ZSI6MTIwMDAwMDAwMDAwMH19"
        }
      ]
    },
    {
      "module": "module.metrics-logs-dr",
      "mode": "managed",
      "type": "aiven_m3db",
      "name": "metrics",
      "provider": "provider[\"registry.terraform.io/aiven/aiven\"]",
      "instances": [
        {
          "schema_version": 0,
          "attributes": {
            "additional_disk_space": null,
            "cloud_name": "google-us-east1",
            "components": [
              {
                "component": "m3coordinator",
                "host": "dr-m3db-metrics-pgrainger-demo.aivencloud.com",
                "kafka_authentication_method": "",
                "port": 15330,
                "route": "dynamic",
                "ssl": false,
                "usage": "primary"
              },
              {
                "component": "m3coordinator_influxdb",
                "host": "dr-m3db-metrics-pgrainger-demo.aivencloud.com",
                "kafka_authentication_method": "",
                "port": 15330,
                "route": "dynamic",
                "ssl": false,
                "usage": "primary"
              },
              {
                "component": "m3coordinator_prom_remote_read",
                "host": "dr-m3db-metrics-pgrainger-demo.aivencloud.com",
                "kafka_authentication_method": "",
                "port": 15330,
                "route": "dynamic",
                "ssl": false,
                "usage": "primary"
              },
              {
                "component": "m3coordinator_prom_remote_write",
                "host": "dr-m3db-metrics-pgrainger-demo.aivencloud.com",
                "kafka_authentication_method": "",
                "port": 15330,
                "route": "dynamic",
                "ssl": false,
                "usage": "primary"
              },
              {
                "component": "m3coordinator_graphite_render_json",
                "host": "dr-m3db-metrics-pgrainger-demo.aivencloud.com",
                "kafka_authentication_method": "",
                "port": 15330,
                "route": "dynamic",
                "ssl": false,
                "usage": "primary"
              }
            ],
            "disk_space": null,
            "disk_space_cap": "1350GiB",
            "disk_space_default": "450GiB",
            "disk_space_step": "30GiB",
            "disk_space_used": "450GiB",
            "id": "pgrainger-demo/dr-m3db-metrics",
            "m3db": [
              {}
            ],
            "m3db_user_config": [
              {
                "additional_backup_regions": [],
                "custom_domain": "",
                "ip_filter": [
                  "0.0.0.0/0"
                ],
                "limits": [],
                "m3_version": "",
                "m3coordinator_enable_graphite_carbon_ingest": "",
                "m3db_version": "1.5",
                "namespaces": [
                  {
                    "name": "metrics_ns",
                    "options": [
                      {
                        "retention_options": [
                          {
                            "block_data_expiry_duration": "",
                            "blocksize_duration": "2h",
                            "buffer_future_duration": "",
                            "buffer_past_duration": "",
                            "retention_period_duration": "48h"
                          }
                        ],
                        "snapshot_enabled": "",
                        "writes_to_commitlog": ""
                      }
                    ],
                    "resolution": "",
                    "type": "unaggregated"
                  }
                ],
                "private_access": [],
                "project_to_fork_from": "",
                "public_access": [],
                "rules": [],
                "service_to_fork_from": "",
                "static_ips": ""
              }
            ],
            "maintenance_window_dow": "saturday",
            "maintenance_window_time": "23:00:00",
            "plan": "business-8",
            "project": "pgrainger-demo",
            "project_vpc_id": null,
            "service_host": "dr-m3db-metrics-pgrainger-demo.aivencloud.com",
            "service_integrations": [],
            "service_name": "dr-m3db-metrics",
            "service_password": "AVNS_bjRuvwVbuldQ-xI6uKp",
            "service_port": 15330,
            "service_type": "m3db",
            "service_uri": "https://avnadmin:AVNS_bjRuvwVbuldQ-xI6uKp@dr-m3db-metrics-pgrainger-demo.aivencloud.com:15330",
            "service_username": "avnadmin",
            "state": "RUNNING",
            "static_ips": [],
            "tag": [],
            "termination_protection": false,
            "timeouts": null
          },
          "sensitive_attributes": [],
          "private": "eyJlMmJmYjczMC1lY2FhLTExZTYtOGY4OC0zNDM2M2JjN2M0YzAiOnsiY3JlYXRlIjoxMjAwMDAwMDAwMDAwLCJkZWxldGUiOjEyMDAwMDAwMDAwMDAsInVwZGF0ZSI6MTIwMDAwMDAwMDAwMH19"
        }
      ]
    },
    {
      "module": "module.metrics-logs-dr",
      "mode": "managed",
      "type": "aiven_opensearch",
      "name": "os",
      "provider": "provider[\"registry.terraform.io/aiven/aiven\"]",
      "instances": [
        {
          "schema_version": 0,
          "attributes": {
            "additional_disk_space": null,
            "cloud_name": "google-us-east1",
            "components": [
              {
                "component": "opensearch",
                "host": "dr-os-logs-pgrainger-demo.aivencloud.com",
                "kafka_authentication_method": "",
                "port": 15330,
                "route": "dynamic",
                "ssl": false,
                "usage": "primary"
              },
              {
                "component": "opensearch_dashboards",
                "host": "dr-os-logs-pgrainger-demo.aivencloud.com",
                "kafka_authentication_method": "",
                "port": 443,
                "route": "dynamic",
                "ssl": false,
                "usage": "primary"
              }
            ],
            "disk_space": null,
            "disk_space_cap": "720GiB",
            "disk_space_default": "240GiB",
            "disk_space_step": "30GiB",
            "disk_space_used": "240GiB",
            "id": "pgrainger-demo/dr-os-logs",
            "maintenance_window_dow": "saturday",
            "maintenance_window_time": "23:00:00",
            "opensearch": [
              {
                "opensearch_dashboards_uri": "https://avnadmin:AVNS_96sPY1ZvFe5SQ2cCUjG@dr-os-logs-pgrainger-demo.aivencloud.com:443"
              }
            ],
            "opensearch_user_config": [
              {
                "additional_backup_regions": [],
                "custom_domain": "",
                "disable_replication_factor_adjustment": "",
                "index_patterns": [],
                "index_template": [],
                "ip_filter": [
                  "0.0.0.0/0"
                ],
                "keep_index_refresh_interval": "",
                "max_index_count": "0",
                "opensearch": [],
                "opensearch_dashboards": [],
                "opensearch_version": "1",
                "private_access": [],
                "privatelink_access": [],
                "project_to_fork_from": "",
                "public_access": [],
                "recovery_basebackup_name": "",
                "service_to_fork_from": "",
                "static_ips": ""
              }
            ],
            "plan": "business-4",
            "project": "pgrainger-demo",
            "project_vpc_id": null,
            "service_host": "dr-os-logs-pgrainger-demo.aivencloud.com",
            "service_integrations": [],
            "service_name": "dr-os-logs",
            "service_password": "AVNS_96sPY1ZvFe5SQ2cCUjG",
            "service_port": 15330,
            "service_type": "opensearch",
            "service_uri": "https://avnadmin:AVNS_96sPY1ZvFe5SQ2cCUjG@dr-os-logs-pgrainger-demo.aivencloud.com:15330",
            "service_username": "avnadmin",
            "state": "RUNNING",
            "static_ips": [],
            "tag": [],
            "termination_protection": false,
            "timeouts": null
          },
          "sensitive_attributes": [],
          "private": "eyJlMmJmYjczMC1lY2FhLTExZTYtOGY4OC0zNDM2M2JjN2M0YzAiOnsiY3JlYXRlIjoxMjAwMDAwMDAwMDAwLCJkZWxldGUiOjEyMDAwMDAwMDAwMDAsInVwZGF0ZSI6MTIwMDAwMDAwMDAwMH19"
        }
      ]
    },
    {
      "module": "module.metrics-logs-dr",
      "mode": "managed",
      "type": "aiven_service_integration",
      "name": "logging",
      "provider": "provider[\"registry.terraform.io/aiven/aiven\"]",
      "instances": [
        {
          "index_key": "dr-kafka",
          "schema_version": 0,
          "attributes": {
            "datadog_user_config": [],
            "destination_endpoint_id": null,
            "destination_service_name": "dr-os-logs",
            "id": "pgrainger-demo/b430a47a-c474-4f29-a47c-0a0a0cd8d160",
            "integration_id": "b430a47a-c474-4f29-a47c-0a0a0cd8d160",
            "integration_type": "logs",
            "kafka_connect_user_config": [],
            "kafka_logs_user_config": [],
            "kafka_mirrormaker_user_config": [],
            "logs_user_config": [
              {
                "elasticsearch_index_days_max": "3",
                "elasticsearch_index_prefix": "logs"
              }
            ],
            "metrics_user_config": [],
            "mirrormaker_user_config": [],
            "project": "pgrainger-demo",
            "source_endpoint_id": null,
            "source_service_name": "dr-kafka",
            "timeouts": null
          },
          "sensitive_attributes": [],
          "private": "eyJlMmJmYjczMC1lY2FhLTExZTYtOGY4OC0zNDM2M2JjN2M0YzAiOnsiY3JlYXRlIjozMDAwMDAwMDAwMDB9fQ==",
          "dependencies": [
            "aiven_kafka.dr_kafka",
            "aiven_pg.pg",
            "aiven_pg.pg_dr",
            "module.metrics-logs-dr.aiven_opensearch.os"
          ]
        },
        {
          "index_key": "dr-pg",
          "schema_version": 0,
          "attributes": {
            "datadog_user_config": [],
            "destination_endpoint_id": null,
            "destination_service_name": "dr-os-logs",
            "id": "pgrainger-demo/5cd042ad-fe59-45f3-8c26-f622230bd629",
            "integration_id": "5cd042ad-fe59-45f3-8c26-f622230bd629",
            "integration_type": "logs",
            "kafka_connect_user_config": [],
            "kafka_logs_user_config": [],
            "kafka_mirrormaker_user_config": [],
            "logs_user_config": [
              {
                "elasticsearch_index_days_max": "3",
                "elasticsearch_index_prefix": "logs"
              }
            ],
            "metrics_user_config": [],
            "mirrormaker_user_config": [],
            "project": "pgrainger-demo",
            "source_endpoint_id": null,
            "source_service_name": "dr-pg",
            "timeouts": null
          },
          "sensitive_attributes": [],
          "private": "eyJlMmJmYjczMC1lY2FhLTExZTYtOGY4OC0zNDM2M2JjN2M0YzAiOnsiY3JlYXRlIjozMDAwMDAwMDAwMDB9fQ==",
          "dependencies": [
            "aiven_kafka.dr_kafka",
            "aiven_pg.pg",
            "aiven_pg.pg_dr",
            "module.metrics-logs-dr.aiven_opensearch.os"
          ]
        }
      ]
    },
    {
      "module": "module.metrics-logs-dr",
      "mode": "managed",
      "type": "aiven_service_integration",
      "name": "metrics",
      "provider": "provider[\"registry.terraform.io/aiven/aiven\"]",
      "instances": [
        {
          "index_key": "dr-kafka",
          "schema_version": 0,
          "attributes": {
            "datadog_user_config": [],
            "destination_endpoint_id": null,
            "destination_service_name": "dr-m3db-metrics",
            "id": "pgrainger-demo/2dfb2a0a-246d-40d5-be7f-b64b852c23e8",
            "integration_id": "2dfb2a0a-246d-40d5-be7f-b64b852c23e8",
            "integration_type": "metrics",
            "kafka_connect_user_config": [],
            "kafka_logs_user_config": [],
            "kafka_mirrormaker_user_config": [],
            "logs_user_config": [],
            "metrics_user_config": [],
            "mirrormaker_user_config": [],
            "project": "pgrainger-demo",
            "source_endpoint_id": null,
            "source_service_name": "dr-kafka",
            "timeouts": null
          },
          "sensitive_attributes": [],
          "private": "eyJlMmJmYjczMC1lY2FhLTExZTYtOGY4OC0zNDM2M2JjN2M0YzAiOnsiY3JlYXRlIjozMDAwMDAwMDAwMDB9fQ==",
          "dependencies": [
            "aiven_kafka.dr_kafka",
            "aiven_pg.pg",
            "aiven_pg.pg_dr",
            "module.metrics-logs-dr.aiven_m3db.metrics"
          ]
        },
        {
          "index_key": "dr-pg",
          "schema_version": 0,
          "attributes": {
            "datadog_user_config": [],
            "destination_endpoint_id": null,
            "destination_service_name": "dr-m3db-metrics",
            "id": "pgrainger-demo/f6004406-5828-4c9d-8d13-9563ee803413",
            "integration_id": "f6004406-5828-4c9d-8d13-9563ee803413",
            "integration_type": "metrics",
            "kafka_connect_user_config": [],
            "kafka_logs_user_config": [],
            "kafka_mirrormaker_user_config": [],
            "logs_user_config": [],
            "metrics_user_config": [],
            "mirrormaker_user_config": [],
            "project": "pgrainger-demo",
            "source_endpoint_id": null,
            "source_service_name": "dr-pg",
            "timeouts": null
          },
          "sensitive_attributes": [],
          "private": "eyJlMmJmYjczMC1lY2FhLTExZTYtOGY4OC0zNDM2M2JjN2M0YzAiOnsiY3JlYXRlIjozMDAwMDAwMDAwMDB9fQ==",
          "dependencies": [
            "aiven_kafka.dr_kafka",
            "aiven_pg.pg",
            "aiven_pg.pg_dr",
            "module.metrics-logs-dr.aiven_m3db.metrics"
          ]
        }
      ]
    },
    {
      "module": "module.metrics-logs-dr",
      "mode": "managed",
      "type": "aiven_service_integration",
      "name": "metricsdash",
      "provider": "provider[\"registry.terraform.io/aiven/aiven\"]",
      "instances": [
        {
          "schema_version": 0,
          "attributes": {
            "datadog_user_config": [],
            "destination_endpoint_id": null,
            "destination_service_name": "dr-m3db-metrics",
            "id": "pgrainger-demo/68415751-e3b7-4b35-b26f-a9fe062a5537",
            "integration_id": "68415751-e3b7-4b35-b26f-a9fe062a5537",
            "integration_type": "dashboard",
            "kafka_connect_user_config": [],
            "kafka_logs_user_config": [],
            "kafka_mirrormaker_user_config": [],
            "logs_user_config": [],
            "metrics_user_config": [],
            "mirrormaker_user_config": [],
            "project": "pgrainger-demo",
            "source_endpoint_id": null,
            "source_service_name": "dr-metrics-dashboard",
            "timeouts": null
          },
          "sensitive_attributes": [],
          "private": "eyJlMmJmYjczMC1lY2FhLTExZTYtOGY4OC0zNDM2M2JjN2M0YzAiOnsiY3JlYXRlIjozMDAwMDAwMDAwMDB9fQ==",
          "dependencies": [
            "module.metrics-logs-dr.aiven_grafana.gr",
            "module.metrics-logs-dr.aiven_m3db.metrics"
          ]
        }
      ]
    },
    {
      "module": "module.metrics-logs-prod",
      "mode": "managed",
      "type": "aiven_grafana",
      "name": "gr",
      "provider": "provider[\"registry.terraform.io/aiven/aiven\"]",
      "instances": [
        {
          "schema_version": 0,
          "attributes": {
            "additional_disk_space": null,
            "cloud_name": "google-us-west1",
            "components": [
              {
                "component": "grafana",
                "host": "prod-metrics-dashboard-pgrainger-demo.aivencloud.com",
                "kafka_authentication_method": "",
                "port": 443,
                "route": "dynamic",
                "ssl": false,
                "usage": "primary"
              },
              {
                "component": "grafana",
                "host": "public-prod-metrics-dashboard-pgrainger-demo.aivencloud.com",
                "kafka_authentication_method": "",
                "port": 443,
                "route": "public",
                "ssl": false,
                "usage": "primary"
              }
            ],
            "disk_space": null,
            "disk_space_cap": "0B",
            "disk_space_default": "0B",
            "disk_space_step": "0B",
            "disk_space_used": "0B",
            "grafana": [
              {}
            ],
            "grafana_user_config": [
              {
                "additional_backup_regions": [],
                "alerting_enabled": "true",
                "alerting_error_or_timeout": "",
                "alerting_max_annotations_to_keep": "",
                "alerting_nodata_or_nullvalues": "",
                "allow_embedding": "",
                "auth_azuread": [],
                "auth_basic_enabled": "",
                "auth_generic_oauth": [],
                "auth_github": [],
                "auth_gitlab": [],
                "auth_google": [],
                "cookie_samesite": "",
                "custom_domain": "",
                "dashboards_min_refresh_interval": "",
                "dashboards_versions_to_keep": "",
                "dataproxy_send_user_header": "",
                "dataproxy_timeout": "",
                "date_formats": [],
                "disable_gravatar": "",
                "editors_can_admin": "",
                "external_image_storage": [],
                "google_analytics_ua_id": "",
                "ip_filter": [
                  "0.0.0.0/0"
                ],
                "metrics_enabled": "",
                "private_access": [],
                "privatelink_access": [],
                "project_to_fork_from": "",
                "public_access": [
                  {
                    "grafana": "true"
                  }
                ],
                "recovery_basebackup_name": "",
                "service_to_fork_from": "",
                "smtp_server": [],
                "static_ips": "",
                "user_auto_assign_org": "",
                "user_auto_assign_org_role": "",
                "viewers_can_edit": ""
              }
            ],
            "id": "pgrainger-demo/prod-metrics-dashboard",
            "maintenance_window_dow": "saturday",
            "maintenance_window_time": "23:00:00",
            "plan": "startup-1",
            "project": "pgrainger-demo",
            "project_vpc_id": null,
            "service_host": "prod-metrics-dashboard-pgrainger-demo.aivencloud.com",
            "service_integrations": [],
            "service_name": "prod-metrics-dashboard",
            "service_password": "AVNS_aCkagEFxIlyK5wGjFGi",
            "service_port": 443,
            "service_type": "grafana",
            "service_uri": "https://prod-metrics-dashboard-pgrainger-demo.aivencloud.com:443",
            "service_username": "avnadmin",
            "state": "RUNNING",
            "static_ips": [],
            "tag": [],
            "termination_protection": false,
            "timeouts": null
          },
          "sensitive_attributes": [],
          "private": "eyJlMmJmYjczMC1lY2FhLTExZTYtOGY4OC0zNDM2M2JjN2M0YzAiOnsiY3JlYXRlIjoxMjAwMDAwMDAwMDAwLCJkZWxldGUiOjEyMDAwMDAwMDAwMDAsInVwZGF0ZSI6MTIwMDAwMDAwMDAwMH19"
        }
      ]
    },
    {
      "module": "module.metrics-logs-prod",
      "mode": "managed",
      "type": "aiven_m3db",
      "name": "metrics",
      "provider": "provider[\"registry.terraform.io/aiven/aiven\"]",
      "instances": [
        {
          "schema_version": 0,
          "attributes": {
            "additional_disk_space": null,
            "cloud_name": "google-us-west1",
            "components": [
              {
                "component": "m3coordinator",
                "host": "prod-m3db-metrics-pgrainger-demo.aivencloud.com",
                "kafka_authentication_method": "",
                "port": 15330,
                "route": "dynamic",
                "ssl": false,
                "usage": "primary"
              },
              {
                "component": "m3coordinator_influxdb",
                "host": "prod-m3db-metrics-pgrainger-demo.aivencloud.com",
                "kafka_authentication_method": "",
                "port": 15330,
                "route": "dynamic",
                "ssl": false,
                "usage": "primary"
              },
              {
                "component": "m3coordinator_prom_remote_read",
                "host": "prod-m3db-metrics-pgrainger-demo.aivencloud.com",
                "kafka_authentication_method": "",
                "port": 15330,
                "route": "dynamic",
                "ssl": false,
                "usage": "primary"
              },
              {
                "component": "m3coordinator_prom_remote_write",
                "host": "prod-m3db-metrics-pgrainger-demo.aivencloud.com",
                "kafka_authentication_method": "",
                "port": 15330,
                "route": "dynamic",
                "ssl": false,
                "usage": "primary"
              },
              {
                "component": "m3coordinator_graphite_render_json",
                "host": "prod-m3db-metrics-pgrainger-demo.aivencloud.com",
                "kafka_authentication_method": "",
                "port": 15330,
                "route": "dynamic",
                "ssl": false,
                "usage": "primary"
              }
            ],
            "disk_space": null,
            "disk_space_cap": "1350GiB",
            "disk_space_default": "450GiB",
            "disk_space_step": "30GiB",
            "disk_space_used": "450GiB",
            "id": "pgrainger-demo/prod-m3db-metrics",
            "m3db": [
              {}
            ],
            "m3db_user_config": [
              {
                "additional_backup_regions": [],
                "custom_domain": "",
                "ip_filter": [
                  "0.0.0.0/0"
                ],
                "limits": [],
                "m3_version": "",
                "m3coordinator_enable_graphite_carbon_ingest": "",
                "m3db_version": "1.5",
                "namespaces": [
                  {
                    "name": "metrics_ns",
                    "options": [
                      {
                        "retention_options": [
                          {
                            "block_data_expiry_duration": "",
                            "blocksize_duration": "2h",
                            "buffer_future_duration": "",
                            "buffer_past_duration": "",
                            "retention_period_duration": "48h"
                          }
                        ],
                        "snapshot_enabled": "",
                        "writes_to_commitlog": ""
                      }
                    ],
                    "resolution": "",
                    "type": "unaggregated"
                  }
                ],
                "private_access": [],
                "project_to_fork_from": "",
                "public_access": [],
                "rules": [],
                "service_to_fork_from": "",
                "static_ips": ""
              }
            ],
            "maintenance_window_dow": "saturday",
            "maintenance_window_time": "23:00:00",
            "plan": "business-8",
            "project": "pgrainger-demo",
            "project_vpc_id": null,
            "service_host": "prod-m3db-metrics-pgrainger-demo.aivencloud.com",
            "service_integrations": [],
            "service_name": "prod-m3db-metrics",
            "service_password": "AVNS_wpJwefbwDoOgNHBTbiO",
            "service_port": 15330,
            "service_type": "m3db",
            "service_uri": "https://avnadmin:AVNS_wpJwefbwDoOgNHBTbiO@prod-m3db-metrics-pgrainger-demo.aivencloud.com:15330",
            "service_username": "avnadmin",
            "state": "RUNNING",
            "static_ips": [],
            "tag": [],
            "termination_protection": false,
            "timeouts": null
          },
          "sensitive_attributes": [],
          "private": "eyJlMmJmYjczMC1lY2FhLTExZTYtOGY4OC0zNDM2M2JjN2M0YzAiOnsiY3JlYXRlIjoxMjAwMDAwMDAwMDAwLCJkZWxldGUiOjEyMDAwMDAwMDAwMDAsInVwZGF0ZSI6MTIwMDAwMDAwMDAwMH19"
        }
      ]
    },
    {
      "module": "module.metrics-logs-prod",
      "mode": "managed",
      "type": "aiven_opensearch",
      "name": "os",
      "provider": "provider[\"registry.terraform.io/aiven/aiven\"]",
      "instances": [
        {
          "schema_version": 0,
          "attributes": {
            "additional_disk_space": null,
            "cloud_name": "google-us-west1",
            "components": [
              {
                "component": "opensearch",
                "host": "prod-os-logs-pgrainger-demo.aivencloud.com",
                "kafka_authentication_method": "",
                "port": 15330,
                "route": "dynamic",
                "ssl": false,
                "usage": "primary"
              },
              {
                "component": "opensearch_dashboards",
                "host": "prod-os-logs-pgrainger-demo.aivencloud.com",
                "kafka_authentication_method": "",
                "port": 443,
                "route": "dynamic",
                "ssl": false,
                "usage": "primary"
              }
            ],
            "disk_space": null,
            "disk_space_cap": "720GiB",
            "disk_space_default": "240GiB",
            "disk_space_step": "30GiB",
            "disk_space_used": "240GiB",
            "id": "pgrainger-demo/prod-os-logs",
            "maintenance_window_dow": "saturday",
            "maintenance_window_time": "23:00:00",
            "opensearch": [
              {
                "opensearch_dashboards_uri": "https://avnadmin:AVNS_tVxX21HAdGkEPS-SMrd@prod-os-logs-pgrainger-demo.aivencloud.com:443"
              }
            ],
            "opensearch_user_config": [
              {
                "additional_backup_regions": [],
                "custom_domain": "",
                "disable_replication_factor_adjustment": "",
                "index_patterns": [],
                "index_template": [],
                "ip_filter": [
                  "0.0.0.0/0"
                ],
                "keep_index_refresh_interval": "",
                "max_index_count": "0",
                "opensearch": [],
                "opensearch_dashboards": [],
                "opensearch_version": "1",
                "private_access": [],
                "privatelink_access": [],
                "project_to_fork_from": "",
                "public_access": [],
                "recovery_basebackup_name": "",
                "service_to_fork_from": "",
                "static_ips": ""
              }
            ],
            "plan": "business-4",
            "project": "pgrainger-demo",
            "project_vpc_id": null,
            "service_host": "prod-os-logs-pgrainger-demo.aivencloud.com",
            "service_integrations": [],
            "service_name": "prod-os-logs",
            "service_password": "AVNS_tVxX21HAdGkEPS-SMrd",
            "service_port": 15330,
            "service_type": "opensearch",
            "service_uri": "https://avnadmin:AVNS_tVxX21HAdGkEPS-SMrd@prod-os-logs-pgrainger-demo.aivencloud.com:15330",
            "service_username": "avnadmin",
            "state": "RUNNING",
            "static_ips": [],
            "tag": [],
            "termination_protection": false,
            "timeouts": null
          },
          "sensitive_attributes": [],
          "private": "eyJlMmJmYjczMC1lY2FhLTExZTYtOGY4OC0zNDM2M2JjN2M0YzAiOnsiY3JlYXRlIjoxMjAwMDAwMDAwMDAwLCJkZWxldGUiOjEyMDAwMDAwMDAwMDAsInVwZGF0ZSI6MTIwMDAwMDAwMDAwMH19"
        }
      ]
    },
    {
      "module": "module.metrics-logs-prod",
      "mode": "managed",
      "type": "aiven_service_integration",
      "name": "logging",
      "provider": "provider[\"registry.terraform.io/aiven/aiven\"]",
      "instances": [
        {
          "index_key": "kc",
          "schema_version": 0,
          "attributes": {
            "datadog_user_config": [],
            "destination_endpoint_id": null,
            "destination_service_name": "prod-os-logs",
            "id": "pgrainger-demo/5f9936f5-eb21-4604-adcc-37db96a27e33",
            "integration_id": "5f9936f5-eb21-4604-adcc-37db96a27e33",
            "integration_type": "logs",
            "kafka_connect_user_config": [],
            "kafka_logs_user_config": [],
            "kafka_mirrormaker_user_config": [],
            "logs_user_config": [
              {
                "elasticsearch_index_days_max": "3",
                "elasticsearch_index_prefix": "logs"
              }
            ],
            "metrics_user_config": [],
            "mirrormaker_user_config": [],
            "project": "pgrainger-demo",
            "source_endpoint_id": null,
            "source_service_name": "kc",
            "timeouts": null
          },
          "sensitive_attributes": [],
          "private": "eyJlMmJmYjczMC1lY2FhLTExZTYtOGY4OC0zNDM2M2JjN2M0YzAiOnsiY3JlYXRlIjozMDAwMDAwMDAwMDB9fQ==",
          "dependencies": [
            "aiven_flink.flink",
            "aiven_kafka.prod_kafka",
            "aiven_kafka_connect.kc",
            "aiven_pg.pg",
            "module.metrics-logs-prod.aiven_opensearch.os"
          ]
        },
        {
          "index_key": "prod-flink",
          "schema_version": 0,
          "attributes": {
            "datadog_user_config": [],
            "destination_endpoint_id": null,
            "destination_service_name": "prod-os-logs",
            "id": "pgrainger-demo/8abc1d57-29c4-4833-a73d-db59817768b8",
            "integration_id": "8abc1d57-29c4-4833-a73d-db59817768b8",
            "integration_type": "logs",
            "kafka_connect_user_config": [],
            "kafka_logs_user_config": [],
            "kafka_mirrormaker_user_config": [],
            "logs_user_config": [
              {
                "elasticsearch_index_days_max": "3",
                "elasticsearch_index_prefix": "logs"
              }
            ],
            "metrics_user_config": [],
            "mirrormaker_user_config": [],
            "project": "pgrainger-demo",
            "source_endpoint_id": null,
            "source_service_name": "prod-flink",
            "timeouts": null
          },
          "sensitive_attributes": [],
          "private": "eyJlMmJmYjczMC1lY2FhLTExZTYtOGY4OC0zNDM2M2JjN2M0YzAiOnsiY3JlYXRlIjozMDAwMDAwMDAwMDB9fQ==",
          "dependencies": [
            "aiven_flink.flink",
            "aiven_kafka.prod_kafka",
            "aiven_kafka_connect.kc",
            "aiven_pg.pg",
            "module.metrics-logs-prod.aiven_opensearch.os"
          ]
        },
        {
          "index_key": "prod-kafka",
          "schema_version": 0,
          "attributes": {
            "datadog_user_config": [],
            "destination_endpoint_id": null,
            "destination_service_name": "prod-os-logs",
            "id": "pgrainger-demo/d32fa71e-5a25-45e8-9edf-e0b24184710d",
            "integration_id": "d32fa71e-5a25-45e8-9edf-e0b24184710d",
            "integration_type": "logs",
            "kafka_connect_user_config": [],
            "kafka_logs_user_config": [],
            "kafka_mirrormaker_user_config": [],
            "logs_user_config": [
              {
                "elasticsearch_index_days_max": "3",
                "elasticsearch_index_prefix": "logs"
              }
            ],
            "metrics_user_config": [],
            "mirrormaker_user_config": [],
            "project": "pgrainger-demo",
            "source_endpoint_id": null,
            "source_service_name": "prod-kafka",
            "timeouts": null
          },
          "sensitive_attributes": [],
          "private": "eyJlMmJmYjczMC1lY2FhLTExZTYtOGY4OC0zNDM2M2JjN2M0YzAiOnsiY3JlYXRlIjozMDAwMDAwMDAwMDB9fQ==",
          "dependencies": [
            "aiven_flink.flink",
            "aiven_kafka.prod_kafka",
            "aiven_kafka_connect.kc",
            "aiven_pg.pg",
            "module.metrics-logs-prod.aiven_opensearch.os"
          ]
        },
        {
          "index_key": "prod-pg",
          "schema_version": 0,
          "attributes": {
            "datadog_user_config": [],
            "destination_endpoint_id": null,
            "destination_service_name": "prod-os-logs",
            "id": "pgrainger-demo/19610146-f847-4fb5-b779-86f68fa03bc0",
            "integration_id": "19610146-f847-4fb5-b779-86f68fa03bc0",
            "integration_type": "logs",
            "kafka_connect_user_config": [],
            "kafka_logs_user_config": [],
            "kafka_mirrormaker_user_config": [],
            "logs_user_config": [
              {
                "elasticsearch_index_days_max": "3",
                "elasticsearch_index_prefix": "logs"
              }
            ],
            "metrics_user_config": [],
            "mirrormaker_user_config": [],
            "project": "pgrainger-demo",
            "source_endpoint_id": null,
            "source_service_name": "prod-pg",
            "timeouts": null
          },
          "sensitive_attributes": [],
          "private": "eyJlMmJmYjczMC1lY2FhLTExZTYtOGY4OC0zNDM2M2JjN2M0YzAiOnsiY3JlYXRlIjozMDAwMDAwMDAwMDB9fQ==",
          "dependencies": [
            "aiven_flink.flink",
            "aiven_kafka.prod_kafka",
            "aiven_kafka_connect.kc",
            "aiven_pg.pg",
            "module.metrics-logs-prod.aiven_opensearch.os"
          ]
        }
      ]
    },
    {
      "module": "module.metrics-logs-prod",
      "mode": "managed",
      "type": "aiven_service_integration",
      "name": "metrics",
      "provider": "provider[\"registry.terraform.io/aiven/aiven\"]",
      "instances": [
        {
          "index_key": "kc",
          "schema_version": 0,
          "attributes": {
            "datadog_user_config": [],
            "destination_endpoint_id": null,
            "destination_service_name": "prod-m3db-metrics",
            "id": "pgrainger-demo/a6fa2e09-9008-48d0-9880-b41d1318c6f6",
            "integration_id": "a6fa2e09-9008-48d0-9880-b41d1318c6f6",
            "integration_type": "metrics",
            "kafka_connect_user_config": [],
            "kafka_logs_user_config": [],
            "kafka_mirrormaker_user_config": [],
            "logs_user_config": [],
            "metrics_user_config": [],
            "mirrormaker_user_config": [],
            "project": "pgrainger-demo",
            "source_endpoint_id": null,
            "source_service_name": "kc",
            "timeouts": null
          },
          "sensitive_attributes": [],
          "private": "eyJlMmJmYjczMC1lY2FhLTExZTYtOGY4OC0zNDM2M2JjN2M0YzAiOnsiY3JlYXRlIjozMDAwMDAwMDAwMDB9fQ==",
          "dependencies": [
            "aiven_flink.flink",
            "aiven_kafka.prod_kafka",
            "aiven_kafka_connect.kc",
            "aiven_pg.pg",
            "module.metrics-logs-prod.aiven_m3db.metrics"
          ]
        },
        {
          "index_key": "prod-flink",
          "schema_version": 0,
          "attributes": {
            "datadog_user_config": [],
            "destination_endpoint_id": null,
            "destination_service_name": "prod-m3db-metrics",
            "id": "pgrainger-demo/8337191c-00f4-41da-99ce-0862866457cc",
            "integration_id": "8337191c-00f4-41da-99ce-0862866457cc",
            "integration_type": "metrics",
            "kafka_connect_user_config": [],
            "kafka_logs_user_config": [],
            "kafka_mirrormaker_user_config": [],
            "logs_user_config": [],
            "metrics_user_config": [],
            "mirrormaker_user_config": [],
            "project": "pgrainger-demo",
            "source_endpoint_id": null,
            "source_service_name": "prod-flink",
            "timeouts": null
          },
          "sensitive_attributes": [],
          "private": "eyJlMmJmYjczMC1lY2FhLTExZTYtOGY4OC0zNDM2M2JjN2M0YzAiOnsiY3JlYXRlIjozMDAwMDAwMDAwMDB9fQ==",
          "dependencies": [
            "aiven_flink.flink",
            "aiven_kafka.prod_kafka",
            "aiven_kafka_connect.kc",
            "aiven_pg.pg",
            "module.metrics-logs-prod.aiven_m3db.metrics"
          ]
        },
        {
          "index_key": "prod-kafka",
          "schema_version": 0,
          "attributes": {
            "datadog_user_config": [],
            "destination_endpoint_id": null,
            "destination_service_name": "prod-m3db-metrics",
            "id": "pgrainger-demo/9f86a5dc-492c-433f-a00b-47887052502c",
            "integration_id": "9f86a5dc-492c-433f-a00b-47887052502c",
            "integration_type": "metrics",
            "kafka_connect_user_config": [],
            "kafka_logs_user_config": [],
            "kafka_mirrormaker_user_config": [],
            "logs_user_config": [],
            "metrics_user_config": [],
            "mirrormaker_user_config": [],
            "project": "pgrainger-demo",
            "source_endpoint_id": null,
            "source_service_name": "prod-kafka",
            "timeouts": null
          },
          "sensitive_attributes": [],
          "private": "eyJlMmJmYjczMC1lY2FhLTExZTYtOGY4OC0zNDM2M2JjN2M0YzAiOnsiY3JlYXRlIjozMDAwMDAwMDAwMDB9fQ==",
          "dependencies": [
            "aiven_flink.flink",
            "aiven_kafka.prod_kafka",
            "aiven_kafka_connect.kc",
            "aiven_pg.pg",
            "module.metrics-logs-prod.aiven_m3db.metrics"
          ]
        },
        {
          "index_key": "prod-pg",
          "schema_version": 0,
          "attributes": {
            "datadog_user_config": [],
            "destination_endpoint_id": null,
            "destination_service_name": "prod-m3db-metrics",
            "id": "pgrainger-demo/e374be7b-7136-4f74-9402-b05c51abfe21",
            "integration_id": "e374be7b-7136-4f74-9402-b05c51abfe21",
            "integration_type": "metrics",
            "kafka_connect_user_config": [],
            "kafka_logs_user_config": [],
            "kafka_mirrormaker_user_config": [],
            "logs_user_config": [],
            "metrics_user_config": [],
            "mirrormaker_user_config": [],
            "project": "pgrainger-demo",
            "source_endpoint_id": null,
            "source_service_name": "prod-pg",
            "timeouts": null
          },
          "sensitive_attributes": [],
          "private": "eyJlMmJmYjczMC1lY2FhLTExZTYtOGY4OC0zNDM2M2JjN2M0YzAiOnsiY3JlYXRlIjozMDAwMDAwMDAwMDB9fQ==",
          "dependencies": [
            "aiven_flink.flink",
            "aiven_kafka.prod_kafka",
            "aiven_kafka_connect.kc",
            "aiven_pg.pg",
            "module.metrics-logs-prod.aiven_m3db.metrics"
          ]
        }
      ]
    },
    {
      "module": "module.metrics-logs-prod",
      "mode": "managed",
      "type": "aiven_service_integration",
      "name": "metricsdash",
      "provider": "provider[\"registry.terraform.io/aiven/aiven\"]",
      "instances": [
        {
          "schema_version": 0,
          "attributes": {
            "datadog_user_config": [],
            "destination_endpoint_id": null,
            "destination_service_name": "prod-m3db-metrics",
            "id": "pgrainger-demo/97a8d971-f38f-44e8-bb74-4576955afc64",
            "integration_id": "97a8d971-f38f-44e8-bb74-4576955afc64",
            "integration_type": "dashboard",
            "kafka_connect_user_config": [],
            "kafka_logs_user_config": [],
            "kafka_mirrormaker_user_config": [],
            "logs_user_config": [],
            "metrics_user_config": [],
            "mirrormaker_user_config": [],
            "project": "pgrainger-demo",
            "source_endpoint_id": null,
            "source_service_name": "prod-metrics-dashboard",
            "timeouts": null
          },
          "sensitive_attributes": [],
          "private": "eyJlMmJmYjczMC1lY2FhLTExZTYtOGY4OC0zNDM2M2JjN2M0YzAiOnsiY3JlYXRlIjozMDAwMDAwMDAwMDB9fQ==",
          "dependencies": [
            "module.metrics-logs-prod.aiven_grafana.gr",
            "module.metrics-logs-prod.aiven_m3db.metrics"
          ]
        }
      ]
    }
  ]
}
